
Microsoft Visual Studio Solution File, Format Version 12.00
# Visual Studio 15
VisualStudioVersion = 15.0.27130.2026
MinimumVisualStudioVersion = 10.0.40219.1
Project("{8BC9CEB8-8B4A-11D0-8D11-00A0C91BC942}") = "library", "library\library.vcxproj", "{E2660ADA-2AD6-49BD-848D-802F7C9DA29A}"
EndProject
Project("{8BC9CEB8-8B4A-11D0-8D11-00A0C91BC942}") = "lianxi1.1", "lianxi1.1\lianxi1.1.vcxproj", "{DA045841-2FFE-40A9-A09D-6ABF71FFD63F}"
EndProject
Project("{8BC9CEB8-8B4A-11D0-8D11-00A0C91BC942}") = "lianxi1.2", "lianxi1.2\lianxi1.2.vcxproj", "{5CE1313F-928B-4144-AD88-D46498E3A0B5}"
EndProject
Project("{8BC9CEB8-8B4A-11D0-8D11-00A0C91BC942}") = "lianxi1.3", "lianxi1.3\lianxi1.3.vcxproj", "{7EE95281-B086-4EAE-8BAA-6A71CB7EFC48}"
EndProject
Project("{8BC9CEB8-8B4A-11D0-8D11-00A0C91BC942}") = "lianxi1.4", "lianxi1.4\lianxi1.4.vcxproj", "{9C49787C-5497-41C7-8A23-27C9E690AA09}"
EndProject
Project("{8BC9CEB8-8B4A-11D0-8D11-00A0C91BC942}") = "lianxi1.5", "lianxi1.5\lianxi1.5.vcxproj", "{EE2D55E6-97FA-4148-9E46-780F7474612E}"
EndProject
Project("{8BC9CEB8-8B4A-11D0-8D11-00A0C91BC942}") = "lianxi1.6", "lianxi1.6\lianxi1.6.vcxproj", "{A30FC418-38D4-4712-BC18-72C14AFF124F}"
EndProject
Project("{8BC9CEB8-8B4A-11D0-8D11-00A0C91BC942}") = "lianxi1.7", "lianxi1.7\lianxi1.7.vcxproj", "{3C90BBC5-43AE-46F7-9B98-C2E11F748C46}"
EndProject
Project("{8BC9CEB8-8B4A-11D0-8D11-00A0C91BC942}") = "lianxi1.8", "lianxi1.8\lianxi1.8.vcxproj", "{0F13AEC6-E316-4CAE-B852-E9C730B43D5C}"
EndProject
Project("{8BC9CEB8-8B4A-11D0-8D11-00A0C91BC942}") = "lianxi1.9", "lianxi1.9\lianxi1.9.vcxproj", "{E66F03E0-646B-4C47-A85C-E94EFE25A8E5}"
EndProject
Project("{8BC9CEB8-8B4A-11D0-8D11-00A0C91BC942}") = "lianxi1.10", "lianxi1.10\lianxi1.10.vcxproj", "{47B41985-9923-4A29-BF1F-CF28E5B057DC}"
EndProject
Project("{8BC9CEB8-8B4A-11D0-8D11-00A0C91BC942}") = "lianxi1.11", "lianxi1.11\lianxi1.11.vcxproj", "{95281DE9-D35D-4288-9FD9-45FFB72111DF}"
EndProject
Project("{8BC9CEB8-8B4A-11D0-8D11-00A0C91BC942}") = "lianxi1.12", "lianxi1.12\lianxi1.12.vcxproj", "{BD869D7E-6116-4B9E-8B84-EA91C0D06A59}"
EndProject
Project("{8BC9CEB8-8B4A-11D0-8D11-00A0C91BC942}") = "lianxi1.13", "lianxi1.13\lianxi1.13.vcxproj", "{0A32A812-8B04-437C-A4F6-83E8D51EF794}"
EndProject
Project("{8BC9CEB8-8B4A-11D0-8D11-00A0C91BC942}") = "lianxi1.14", "lianxi1.14\lianxi1.14.vcxproj", "{FE6C5307-455A-429D-8343-C698DDD899DE}"
EndProject
Project("{8BC9CEB8-8B4A-11D0-8D11-00A0C91BC942}") = "eg1.4.2", "eg1.4.2\eg1.4.2.vcxproj", "{1C483E61-4B11-4E66-BF56-0F10A54AA2BB}"
EndProject
Project("{8BC9CEB8-8B4A-11D0-8D11-00A0C91BC942}") = "eg1.4.1", "eg1.4.1\eg1.4.1.vcxproj", "{925A5EEC-4CCF-4604-AE28-CF8E145BDFC1}"
EndProject
Project("{8BC9CEB8-8B4A-11D0-8D11-00A0C91BC942}") = "eg1.3.1", "eg1.3.1\eg1.3.1.vcxproj", "{F603C66A-76CF-4BE9-BFDD-F5B539FFED99}"
EndProject
Project("{8BC9CEB8-8B4A-11D0-8D11-00A0C91BC942}") = "1.4.2", "1.4.2\1.4.2.vcxproj", "{FB981208-E57E-4BF9-873D-66075ADF271B}"
EndProject
Project("{8BC9CEB8-8B4A-11D0-8D11-00A0C91BC942}") = "lianxi1.15", "lianxi1.15\lianxi1.15.vcxproj", "{4B605191-9A8C-45B4-9485-AA141A9BD974}"
EndProject
Project("{8BC9CEB8-8B4A-11D0-8D11-00A0C91BC942}") = "1.4.3", "1.4.3\1.4.3.vcxproj", "{AA16F751-8D0D-4D54-A00D-B35E0F25B213}"
EndProject
Project("{8BC9CEB8-8B4A-11D0-8D11-00A0C91BC942}") = "lianxi1.16", "lianxi1.16\lianxi1.16.vcxproj", "{A2AB08ED-FA25-4820-B7AE-FFF5E5F1D1FD}"
EndProject
Project("{8BC9CEB8-8B4A-11D0-8D11-00A0C91BC942}") = "1.4.4（lianxi1.18）", "1.4.4\1.4.4.vcxproj", "{077C2BC1-A262-4258-B8DC-C554372054C0}"
EndProject
Project("{8BC9CEB8-8B4A-11D0-8D11-00A0C91BC942}") = "lianxi1.17", "lianxi1.17\lianxi1.17.vcxproj", "{0F9451EF-7CCD-45D9-A038-0704EDCB62FD}"
EndProject
Project("{8BC9CEB8-8B4A-11D0-8D11-00A0C91BC942}") = "lianxi1.19", "lianxi1.19\lianxi1.19.vcxproj", "{499764BA-6E86-419F-84EF-F66C22243F99}"
EndProject
Project("{8BC9CEB8-8B4A-11D0-8D11-00A0C91BC942}") = "1.5-1", "1.5\1.5.vcxproj", "{A1C89BED-159C-4698-8487-83C25A0AADE5}"
EndProject
Project("{8BC9CEB8-8B4A-11D0-8D11-00A0C91BC942}") = "1.5-2", "1.5-2\1.5-2.vcxproj", "{A9BD8977-1785-4E3A-9C98-DC9D62E977B8}"
EndProject
Project("{8BC9CEB8-8B4A-11D0-8D11-00A0C91BC942}") = "lianxi1.20", "lianxi1.20\lianxi1.20.vcxproj", "{70520361-00AA-4963-9265-AA1B0D6AD411}"
EndProject
Project("{8BC9CEB8-8B4A-11D0-8D11-00A0C91BC942}") = "lianxi1.21", "lianxi1.21\lianxi1.21.vcxproj", "{E0B43E12-77A9-47B6-BE2C-1B36EF259814}"
EndProject
Project("{8BC9CEB8-8B4A-11D0-8D11-00A0C91BC942}") = "lianxi1.22", "lianxi1.22\lianxi1.22.vcxproj", "{DA39B02C-06C5-4FC2-BD90-C9B0E0B141DB}"
EndProject
Project("{8BC9CEB8-8B4A-11D0-8D11-00A0C91BC942}") = "1.5.2", "1.5.2\1.5.2.vcxproj", "{2ABAD93D-0EF5-4D79-9C0F-7C5374E66B9F}"
EndProject
Project("{8BC9CEB8-8B4A-11D0-8D11-00A0C91BC942}") = "lianxi1.23", "lianxi1.23\lianxi1.23.vcxproj", "{DAE44114-31B9-4008-923D-454531234E30}"
EndProject
Project("{8BC9CEB8-8B4A-11D0-8D11-00A0C91BC942}") = "1.6(lianxi1.25)", "1.6\1.6.vcxproj", "{756C255C-393B-425A-AE05-2836E756205A}"
EndProject
Project("{8BC9CEB8-8B4A-11D0-8D11-00A0C91BC942}") = "lianxi2.1", "lianxi2.1\lianxi2.1.vcxproj", "{0FD03FA9-164B-4C72-BD9C-2810AA7881C8}"
EndProject
Project("{8BC9CEB8-8B4A-11D0-8D11-00A0C91BC942}") = "lianxi2.2", "lianxi2.2\lianxi2.2.vcxproj", "{D519959A-AC1E-4B3A-8E34-644FC4FA3B58}"
EndProject
Project("{8BC9CEB8-8B4A-11D0-8D11-00A0C91BC942}") = "2.1.2", "2.1.2\2.1.2.vcxproj", "{CCEFD733-CDA3-4554-B54E-3C5A7FB2B844}"
EndProject
Project("{8BC9CEB8-8B4A-11D0-8D11-00A0C91BC942}") = "lianxi2.3(1)", "lianxi2.3\lianxi2.3.vcxproj", "{E7F30037-69AA-4841-B5B9-BE298D5D2DD8}"
EndProject
Project("{8BC9CEB8-8B4A-11D0-8D11-00A0C91BC942}") = "lianxi2.3(2)", "lianxi2.3(2)\lianxi2.3(2).vcxproj", "{1CBCB17C-545D-485A-83AB-CDE4D080E186}"
EndProject
Project("{8BC9CEB8-8B4A-11D0-8D11-00A0C91BC942}") = "lianxi2.3(3)", "lianxi2.3(3)\lianxi2.3(3).vcxproj", "{541C4718-BE69-411B-89EF-2225F526CD6C}"
EndProject
Project("{8BC9CEB8-8B4A-11D0-8D11-00A0C91BC942}") = "lianxi2.3(4)", "lianxi2.3(4)\lianxi2.3(4).vcxproj", "{A9E66F40-99F5-40D9-8286-CBF375006BF6}"
EndProject
Project("{8BC9CEB8-8B4A-11D0-8D11-00A0C91BC942}") = "lianxi2.3(5)", "lianxi2.3(5)\lianxi2.3(5).vcxproj", "{EAC3D75A-AD95-4457-BF6C-B8D866692DF4}"
EndProject
Project("{8BC9CEB8-8B4A-11D0-8D11-00A0C91BC942}") = "lianxi2.3(6)", "lianxi2.3(6)\lianxi2.3(6).vcxproj", "{25DC5052-8755-41D0-8E4B-59010765DADD}"
EndProject
Project("{8BC9CEB8-8B4A-11D0-8D11-00A0C91BC942}") = "2.1.3(1)", "2.1.3\2.1.3.vcxproj", "{4C76DE65-F062-4A10-8E96-DA37D0614E10}"
EndProject
Project("{8BC9CEB8-8B4A-11D0-8D11-00A0C91BC942}") = "2.1.3（2）", "2.1.3（2）\2.1.3（2）.vcxproj", "{6278017A-0A5D-4EF9-B23A-291D79B2A902}"
EndProject
Project("{8BC9CEB8-8B4A-11D0-8D11-00A0C91BC942}") = "lianxi2.5", "lianxi2.5\lianxi2.5.vcxproj", "{EB920E51-8DDF-4DB9-9C23-A70E1ED2A022}"
EndProject
Project("{8BC9CEB8-8B4A-11D0-8D11-00A0C91BC942}") = "lianxi2.6", "lianxi2.6\lianxi2.6.vcxproj", "{312D91EC-1F2F-4F3D-860B-C2F3BF6B8F8A}"
EndProject
Project("{8BC9CEB8-8B4A-11D0-8D11-00A0C91BC942}") = "lianxi2.7", "lianxi2.7\lianxi2.7.vcxproj", "{87CAEF8D-F606-44AA-8DA2-61D0D106BDC5}"
EndProject
Project("{8BC9CEB8-8B4A-11D0-8D11-00A0C91BC942}") = "lianxi2.8", "lianxi2.8\lianxi2.8.vcxproj", "{4545FF93-FB5A-440E-8C7D-F15D96C0E80B}"
EndProject
Project("{8BC9CEB8-8B4A-11D0-8D11-00A0C91BC942}") = "2.2.1(1)", "2.2.1\2.2.1.vcxproj", "{AB87F5B8-61AB-4783-9C96-78305CAF6EC1}"
EndProject
Project("{8BC9CEB8-8B4A-11D0-8D11-00A0C91BC942}") = "2.2.1(2)", "2.2.1(2)\2.2.1(2).vcxproj", "{D7477780-6135-4595-A75A-1C95A7F335A1}"
EndProject
Project("{8BC9CEB8-8B4A-11D0-8D11-00A0C91BC942}") = "2.1.3（3）", "2.1.3（3）\2.1.3（3）.vcxproj", "{75B3569B-5EF5-4418-9D51-29670D6E4169}"
EndProject
Project("{8BC9CEB8-8B4A-11D0-8D11-00A0C91BC942}") = "2.1.3(4)", "2.1.3(4)\2.1.3(4).vcxproj", "{696471B3-6262-4214-8FDC-C6C59B7556E9}"
EndProject
Project("{8BC9CEB8-8B4A-11D0-8D11-00A0C91BC942}") = "lianxi2.9", "lianxi2.9\lianxi2.9.vcxproj", "{2B7E44B3-F353-462A-9D61-75BEA1068345}"
EndProject
Project("{8BC9CEB8-8B4A-11D0-8D11-00A0C91BC942}") = "lianxi2.10", "lianxi2.10\lianxi2.10.vcxproj", "{19F066B1-BEA9-45E9-9C23-26503560EADE}"
EndProject
Project("{8BC9CEB8-8B4A-11D0-8D11-00A0C91BC942}") = "2.2.2（1）", "2.2.2（1）\2.2.2（1）.vcxproj", "{4EC7D402-4573-4F09-91F1-07184FDDF75E}"
EndProject
Project("{8BC9CEB8-8B4A-11D0-8D11-00A0C91BC942}") = "lianxi2.11", "lianxi2.11\lianxi2.11.vcxproj", "{D35D843D-DDF7-4CD6-9D9D-35380B437538}"
EndProject
Project("{8BC9CEB8-8B4A-11D0-8D11-00A0C91BC942}") = "lianxi2.12", "lianxi2.12\lianxi2.12.vcxproj", "{F3BA3E7D-DC3B-4D58-87EE-090D3F543FD8}"
EndProject
Project("{8BC9CEB8-8B4A-11D0-8D11-00A0C91BC942}") = "2.2.4", "2.2.4\2.2.4.vcxproj", "{D957B890-39D4-4C76-AE8A-3C2C5AAA2AFF}"
EndProject
Project("{8BC9CEB8-8B4A-11D0-8D11-00A0C91BC942}") = "lianxi2.13", "lianxi2.13\lianxi2.13.vcxproj", "{8232A70F-6D78-4F6E-9108-FCC2680BE432}"
EndProject
Project("{8BC9CEB8-8B4A-11D0-8D11-00A0C91BC942}") = "lianxi2.14", "lianxi2.14\lianxi2.14.vcxproj", "{972B319A-4042-4881-819E-CC04C77E730A}"
EndProject
Project("{8BC9CEB8-8B4A-11D0-8D11-00A0C91BC942}") = "2.3.1（1）", "2.3.1\2.3.1.vcxproj", "{296D4092-127F-45A6-9FF9-15D7186F031F}"
EndProject
Project("{8BC9CEB8-8B4A-11D0-8D11-00A0C91BC942}") = "lianxi2.15", "lianxi2.15\lianxi2.15.vcxproj", "{92D3C606-A649-4FAA-B878-08FAC3008982}"
EndProject
Project("{8BC9CEB8-8B4A-11D0-8D11-00A0C91BC942}") = "lianxi2.16", "lianxi2.16\lianxi2.16.vcxproj", "{09F5C63E-268C-4919-BBB9-2EA52D133F88}"
EndProject
Project("{8BC9CEB8-8B4A-11D0-8D11-00A0C91BC942}") = "lianxi2.17", "lianxi2.17\lianxi2.17.vcxproj", "{91F425E6-608C-4614-A821-B3A090641E1B}"
EndProject
Project("{8BC9CEB8-8B4A-11D0-8D11-00A0C91BC942}") = "2.3.2", "2.3.2\2.3.2.vcxproj", "{69CFC845-FFA1-46A9-BB7A-955EE11E6B5B}"
EndProject
Project("{8BC9CEB8-8B4A-11D0-8D11-00A0C91BC942}") = "lianxi2.18", "lianxi2.18\lianxi2.18.vcxproj", "{B6E23C1E-C65E-43C7-81A1-9050A86BB923}"
EndProject
Project("{8BC9CEB8-8B4A-11D0-8D11-00A0C91BC942}") = "lianxi2.19", "lianxi2.19\lianxi2.19.vcxproj", "{42D3F667-0D7E-49EC-87DF-270A28B89305}"
EndProject
Project("{8BC9CEB8-8B4A-11D0-8D11-00A0C91BC942}") = "lianxi2.20", "lianxi2.20\lianxi2.20.vcxproj", "{805A0263-9398-48D5-985F-4C2AA626000C}"
EndProject
Project("{8BC9CEB8-8B4A-11D0-8D11-00A0C91BC942}") = "lianxi2.21", "lianxi2.21\lianxi2.21.vcxproj", "{4AD90328-CC89-4351-B42E-A957EE2CF98D}"
EndProject
Project("{8BC9CEB8-8B4A-11D0-8D11-00A0C91BC942}") = "lianxi2.22", "lianxi2.22\lianxi2.22.vcxproj", "{3D7E46E3-3075-40CF-9523-FD58126B5914}"
EndProject
Project("{8BC9CEB8-8B4A-11D0-8D11-00A0C91BC942}") = "lianxi2.23", "lianxi2.23\lianxi2.23.vcxproj", "{711B440B-0903-489C-B5B1-59DF33E184A4}"
EndProject
Project("{8BC9CEB8-8B4A-11D0-8D11-00A0C91BC942}") = "lianxi2.24", "lianxi2.24\lianxi2.24.vcxproj", "{0A8AF972-B67D-44F1-B31A-434B4AE6C2C1}"
EndProject
Global
	GlobalSection(SolutionConfigurationPlatforms) = preSolution
		Debug|x64 = Debug|x64
		Debug|x86 = Debug|x86
		Release|x64 = Release|x64
		Release|x86 = Release|x86
	EndGlobalSection
	GlobalSection(ProjectConfigurationPlatforms) = postSolution
		{E2660ADA-2AD6-49BD-848D-802F7C9DA29A}.Debug|x64.ActiveCfg = Debug|x64
		{E2660ADA-2AD6-49BD-848D-802F7C9DA29A}.Debug|x64.Build.0 = Debug|x64
		{E2660ADA-2AD6-49BD-848D-802F7C9DA29A}.Debug|x86.ActiveCfg = Debug|Win32
		{E2660ADA-2AD6-49BD-848D-802F7C9DA29A}.Debug|x86.Build.0 = Debug|Win32
		{E2660ADA-2AD6-49BD-848D-802F7C9DA29A}.Release|x64.ActiveCfg = Release|x64
		{E2660ADA-2AD6-49BD-848D-802F7C9DA29A}.Release|x64.Build.0 = Release|x64
		{E2660ADA-2AD6-49BD-848D-802F7C9DA29A}.Release|x86.ActiveCfg = Release|Win32
		{E2660ADA-2AD6-49BD-848D-802F7C9DA29A}.Release|x86.Build.0 = Release|Win32
		{DA045841-2FFE-40A9-A09D-6ABF71FFD63F}.Debug|x64.ActiveCfg = Debug|x64
		{DA045841-2FFE-40A9-A09D-6ABF71FFD63F}.Debug|x64.Build.0 = Debug|x64
		{DA045841-2FFE-40A9-A09D-6ABF71FFD63F}.Debug|x86.ActiveCfg = Debug|Win32
		{DA045841-2FFE-40A9-A09D-6ABF71FFD63F}.Debug|x86.Build.0 = Debug|Win32
		{DA045841-2FFE-40A9-A09D-6ABF71FFD63F}.Release|x64.ActiveCfg = Release|x64
		{DA045841-2FFE-40A9-A09D-6ABF71FFD63F}.Release|x64.Build.0 = Release|x64
		{DA045841-2FFE-40A9-A09D-6ABF71FFD63F}.Release|x86.ActiveCfg = Release|Win32
		{DA045841-2FFE-40A9-A09D-6ABF71FFD63F}.Release|x86.Build.0 = Release|Win32
		{5CE1313F-928B-4144-AD88-D46498E3A0B5}.Debug|x64.ActiveCfg = Debug|x64
		{5CE1313F-928B-4144-AD88-D46498E3A0B5}.Debug|x64.Build.0 = Debug|x64
		{5CE1313F-928B-4144-AD88-D46498E3A0B5}.Debug|x86.ActiveCfg = Debug|Win32
		{5CE1313F-928B-4144-AD88-D46498E3A0B5}.Debug|x86.Build.0 = Debug|Win32
		{5CE1313F-928B-4144-AD88-D46498E3A0B5}.Release|x64.ActiveCfg = Release|x64
		{5CE1313F-928B-4144-AD88-D46498E3A0B5}.Release|x64.Build.0 = Release|x64
		{5CE1313F-928B-4144-AD88-D46498E3A0B5}.Release|x86.ActiveCfg = Release|Win32
		{5CE1313F-928B-4144-AD88-D46498E3A0B5}.Release|x86.Build.0 = Release|Win32
		{7EE95281-B086-4EAE-8BAA-6A71CB7EFC48}.Debug|x64.ActiveCfg = Debug|x64
		{7EE95281-B086-4EAE-8BAA-6A71CB7EFC48}.Debug|x64.Build.0 = Debug|x64
		{7EE95281-B086-4EAE-8BAA-6A71CB7EFC48}.Debug|x86.ActiveCfg = Debug|Win32
		{7EE95281-B086-4EAE-8BAA-6A71CB7EFC48}.Debug|x86.Build.0 = Debug|Win32
		{7EE95281-B086-4EAE-8BAA-6A71CB7EFC48}.Release|x64.ActiveCfg = Release|x64
		{7EE95281-B086-4EAE-8BAA-6A71CB7EFC48}.Release|x64.Build.0 = Release|x64
		{7EE95281-B086-4EAE-8BAA-6A71CB7EFC48}.Release|x86.ActiveCfg = Release|Win32
		{7EE95281-B086-4EAE-8BAA-6A71CB7EFC48}.Release|x86.Build.0 = Release|Win32
		{9C49787C-5497-41C7-8A23-27C9E690AA09}.Debug|x64.ActiveCfg = Debug|x64
		{9C49787C-5497-41C7-8A23-27C9E690AA09}.Debug|x64.Build.0 = Debug|x64
		{9C49787C-5497-41C7-8A23-27C9E690AA09}.Debug|x86.ActiveCfg = Debug|Win32
		{9C49787C-5497-41C7-8A23-27C9E690AA09}.Debug|x86.Build.0 = Debug|Win32
		{9C49787C-5497-41C7-8A23-27C9E690AA09}.Release|x64.ActiveCfg = Release|x64
		{9C49787C-5497-41C7-8A23-27C9E690AA09}.Release|x64.Build.0 = Release|x64
		{9C49787C-5497-41C7-8A23-27C9E690AA09}.Release|x86.ActiveCfg = Release|Win32
		{9C49787C-5497-41C7-8A23-27C9E690AA09}.Release|x86.Build.0 = Release|Win32
		{EE2D55E6-97FA-4148-9E46-780F7474612E}.Debug|x64.ActiveCfg = Debug|x64
		{EE2D55E6-97FA-4148-9E46-780F7474612E}.Debug|x64.Build.0 = Debug|x64
		{EE2D55E6-97FA-4148-9E46-780F7474612E}.Debug|x86.ActiveCfg = Debug|Win32
		{EE2D55E6-97FA-4148-9E46-780F7474612E}.Debug|x86.Build.0 = Debug|Win32
		{EE2D55E6-97FA-4148-9E46-780F7474612E}.Release|x64.ActiveCfg = Release|x64
		{EE2D55E6-97FA-4148-9E46-780F7474612E}.Release|x64.Build.0 = Release|x64
		{EE2D55E6-97FA-4148-9E46-780F7474612E}.Release|x86.ActiveCfg = Release|Win32
		{EE2D55E6-97FA-4148-9E46-780F7474612E}.Release|x86.Build.0 = Release|Win32
		{A30FC418-38D4-4712-BC18-72C14AFF124F}.Debug|x64.ActiveCfg = Debug|x64
		{A30FC418-38D4-4712-BC18-72C14AFF124F}.Debug|x64.Build.0 = Debug|x64
		{A30FC418-38D4-4712-BC18-72C14AFF124F}.Debug|x86.ActiveCfg = Debug|Win32
		{A30FC418-38D4-4712-BC18-72C14AFF124F}.Debug|x86.Build.0 = Debug|Win32
		{A30FC418-38D4-4712-BC18-72C14AFF124F}.Release|x64.ActiveCfg = Release|x64
		{A30FC418-38D4-4712-BC18-72C14AFF124F}.Release|x64.Build.0 = Release|x64
		{A30FC418-38D4-4712-BC18-72C14AFF124F}.Release|x86.ActiveCfg = Release|Win32
		{A30FC418-38D4-4712-BC18-72C14AFF124F}.Release|x86.Build.0 = Release|Win32
		{3C90BBC5-43AE-46F7-9B98-C2E11F748C46}.Debug|x64.ActiveCfg = Debug|x64
		{3C90BBC5-43AE-46F7-9B98-C2E11F748C46}.Debug|x64.Build.0 = Debug|x64
		{3C90BBC5-43AE-46F7-9B98-C2E11F748C46}.Debug|x86.ActiveCfg = Debug|Win32
		{3C90BBC5-43AE-46F7-9B98-C2E11F748C46}.Debug|x86.Build.0 = Debug|Win32
		{3C90BBC5-43AE-46F7-9B98-C2E11F748C46}.Release|x64.ActiveCfg = Release|x64
		{3C90BBC5-43AE-46F7-9B98-C2E11F748C46}.Release|x64.Build.0 = Release|x64
		{3C90BBC5-43AE-46F7-9B98-C2E11F748C46}.Release|x86.ActiveCfg = Release|Win32
		{3C90BBC5-43AE-46F7-9B98-C2E11F748C46}.Release|x86.Build.0 = Release|Win32
		{0F13AEC6-E316-4CAE-B852-E9C730B43D5C}.Debug|x64.ActiveCfg = Debug|x64
		{0F13AEC6-E316-4CAE-B852-E9C730B43D5C}.Debug|x64.Build.0 = Debug|x64
		{0F13AEC6-E316-4CAE-B852-E9C730B43D5C}.Debug|x86.ActiveCfg = Debug|Win32
		{0F13AEC6-E316-4CAE-B852-E9C730B43D5C}.Debug|x86.Build.0 = Debug|Win32
		{0F13AEC6-E316-4CAE-B852-E9C730B43D5C}.Release|x64.ActiveCfg = Release|x64
		{0F13AEC6-E316-4CAE-B852-E9C730B43D5C}.Release|x64.Build.0 = Release|x64
		{0F13AEC6-E316-4CAE-B852-E9C730B43D5C}.Release|x86.ActiveCfg = Release|Win32
		{0F13AEC6-E316-4CAE-B852-E9C730B43D5C}.Release|x86.Build.0 = Release|Win32
		{E66F03E0-646B-4C47-A85C-E94EFE25A8E5}.Debug|x64.ActiveCfg = Debug|x64
		{E66F03E0-646B-4C47-A85C-E94EFE25A8E5}.Debug|x64.Build.0 = Debug|x64
		{E66F03E0-646B-4C47-A85C-E94EFE25A8E5}.Debug|x86.ActiveCfg = Debug|Win32
		{E66F03E0-646B-4C47-A85C-E94EFE25A8E5}.Debug|x86.Build.0 = Debug|Win32
		{E66F03E0-646B-4C47-A85C-E94EFE25A8E5}.Release|x64.ActiveCfg = Release|x64
		{E66F03E0-646B-4C47-A85C-E94EFE25A8E5}.Release|x64.Build.0 = Release|x64
		{E66F03E0-646B-4C47-A85C-E94EFE25A8E5}.Release|x86.ActiveCfg = Release|Win32
		{E66F03E0-646B-4C47-A85C-E94EFE25A8E5}.Release|x86.Build.0 = Release|Win32
		{47B41985-9923-4A29-BF1F-CF28E5B057DC}.Debug|x64.ActiveCfg = Debug|x64
		{47B41985-9923-4A29-BF1F-CF28E5B057DC}.Debug|x64.Build.0 = Debug|x64
		{47B41985-9923-4A29-BF1F-CF28E5B057DC}.Debug|x86.ActiveCfg = Debug|Win32
		{47B41985-9923-4A29-BF1F-CF28E5B057DC}.Debug|x86.Build.0 = Debug|Win32
		{47B41985-9923-4A29-BF1F-CF28E5B057DC}.Release|x64.ActiveCfg = Release|x64
		{47B41985-9923-4A29-BF1F-CF28E5B057DC}.Release|x64.Build.0 = Release|x64
		{47B41985-9923-4A29-BF1F-CF28E5B057DC}.Release|x86.ActiveCfg = Release|Win32
		{47B41985-9923-4A29-BF1F-CF28E5B057DC}.Release|x86.Build.0 = Release|Win32
		{95281DE9-D35D-4288-9FD9-45FFB72111DF}.Debug|x64.ActiveCfg = Debug|x64
		{95281DE9-D35D-4288-9FD9-45FFB72111DF}.Debug|x64.Build.0 = Debug|x64
		{95281DE9-D35D-4288-9FD9-45FFB72111DF}.Debug|x86.ActiveCfg = Debug|Win32
		{95281DE9-D35D-4288-9FD9-45FFB72111DF}.Debug|x86.Build.0 = Debug|Win32
		{95281DE9-D35D-4288-9FD9-45FFB72111DF}.Release|x64.ActiveCfg = Release|x64
		{95281DE9-D35D-4288-9FD9-45FFB72111DF}.Release|x64.Build.0 = Release|x64
		{95281DE9-D35D-4288-9FD9-45FFB72111DF}.Release|x86.ActiveCfg = Release|Win32
		{95281DE9-D35D-4288-9FD9-45FFB72111DF}.Release|x86.Build.0 = Release|Win32
		{BD869D7E-6116-4B9E-8B84-EA91C0D06A59}.Debug|x64.ActiveCfg = Debug|x64
		{BD869D7E-6116-4B9E-8B84-EA91C0D06A59}.Debug|x64.Build.0 = Debug|x64
		{BD869D7E-6116-4B9E-8B84-EA91C0D06A59}.Debug|x86.ActiveCfg = Debug|Win32
		{BD869D7E-6116-4B9E-8B84-EA91C0D06A59}.Debug|x86.Build.0 = Debug|Win32
		{BD869D7E-6116-4B9E-8B84-EA91C0D06A59}.Release|x64.ActiveCfg = Release|x64
		{BD869D7E-6116-4B9E-8B84-EA91C0D06A59}.Release|x64.Build.0 = Release|x64
		{BD869D7E-6116-4B9E-8B84-EA91C0D06A59}.Release|x86.ActiveCfg = Release|Win32
		{BD869D7E-6116-4B9E-8B84-EA91C0D06A59}.Release|x86.Build.0 = Release|Win32
		{0A32A812-8B04-437C-A4F6-83E8D51EF794}.Debug|x64.ActiveCfg = Debug|x64
		{0A32A812-8B04-437C-A4F6-83E8D51EF794}.Debug|x64.Build.0 = Debug|x64
		{0A32A812-8B04-437C-A4F6-83E8D51EF794}.Debug|x86.ActiveCfg = Debug|Win32
		{0A32A812-8B04-437C-A4F6-83E8D51EF794}.Debug|x86.Build.0 = Debug|Win32
		{0A32A812-8B04-437C-A4F6-83E8D51EF794}.Release|x64.ActiveCfg = Release|x64
		{0A32A812-8B04-437C-A4F6-83E8D51EF794}.Release|x64.Build.0 = Release|x64
		{0A32A812-8B04-437C-A4F6-83E8D51EF794}.Release|x86.ActiveCfg = Release|Win32
		{0A32A812-8B04-437C-A4F6-83E8D51EF794}.Release|x86.Build.0 = Release|Win32
		{FE6C5307-455A-429D-8343-C698DDD899DE}.Debug|x64.ActiveCfg = Debug|x64
		{FE6C5307-455A-429D-8343-C698DDD899DE}.Debug|x64.Build.0 = Debug|x64
		{FE6C5307-455A-429D-8343-C698DDD899DE}.Debug|x86.ActiveCfg = Debug|Win32
		{FE6C5307-455A-429D-8343-C698DDD899DE}.Debug|x86.Build.0 = Debug|Win32
		{FE6C5307-455A-429D-8343-C698DDD899DE}.Release|x64.ActiveCfg = Release|x64
		{FE6C5307-455A-429D-8343-C698DDD899DE}.Release|x64.Build.0 = Release|x64
		{FE6C5307-455A-429D-8343-C698DDD899DE}.Release|x86.ActiveCfg = Release|Win32
		{FE6C5307-455A-429D-8343-C698DDD899DE}.Release|x86.Build.0 = Release|Win32
		{1C483E61-4B11-4E66-BF56-0F10A54AA2BB}.Debug|x64.ActiveCfg = Debug|x64
		{1C483E61-4B11-4E66-BF56-0F10A54AA2BB}.Debug|x64.Build.0 = Debug|x64
		{1C483E61-4B11-4E66-BF56-0F10A54AA2BB}.Debug|x86.ActiveCfg = Debug|Win32
		{1C483E61-4B11-4E66-BF56-0F10A54AA2BB}.Debug|x86.Build.0 = Debug|Win32
		{1C483E61-4B11-4E66-BF56-0F10A54AA2BB}.Release|x64.ActiveCfg = Release|x64
		{1C483E61-4B11-4E66-BF56-0F10A54AA2BB}.Release|x64.Build.0 = Release|x64
		{1C483E61-4B11-4E66-BF56-0F10A54AA2BB}.Release|x86.ActiveCfg = Release|Win32
		{1C483E61-4B11-4E66-BF56-0F10A54AA2BB}.Release|x86.Build.0 = Release|Win32
		{925A5EEC-4CCF-4604-AE28-CF8E145BDFC1}.Debug|x64.ActiveCfg = Debug|x64
		{925A5EEC-4CCF-4604-AE28-CF8E145BDFC1}.Debug|x64.Build.0 = Debug|x64
		{925A5EEC-4CCF-4604-AE28-CF8E145BDFC1}.Debug|x86.ActiveCfg = Debug|Win32
		{925A5EEC-4CCF-4604-AE28-CF8E145BDFC1}.Debug|x86.Build.0 = Debug|Win32
		{925A5EEC-4CCF-4604-AE28-CF8E145BDFC1}.Release|x64.ActiveCfg = Release|x64
		{925A5EEC-4CCF-4604-AE28-CF8E145BDFC1}.Release|x64.Build.0 = Release|x64
		{925A5EEC-4CCF-4604-AE28-CF8E145BDFC1}.Release|x86.ActiveCfg = Release|Win32
		{925A5EEC-4CCF-4604-AE28-CF8E145BDFC1}.Release|x86.Build.0 = Release|Win32
		{F603C66A-76CF-4BE9-BFDD-F5B539FFED99}.Debug|x64.ActiveCfg = Debug|x64
		{F603C66A-76CF-4BE9-BFDD-F5B539FFED99}.Debug|x64.Build.0 = Debug|x64
		{F603C66A-76CF-4BE9-BFDD-F5B539FFED99}.Debug|x86.ActiveCfg = Debug|Win32
		{F603C66A-76CF-4BE9-BFDD-F5B539FFED99}.Debug|x86.Build.0 = Debug|Win32
		{F603C66A-76CF-4BE9-BFDD-F5B539FFED99}.Release|x64.ActiveCfg = Release|x64
		{F603C66A-76CF-4BE9-BFDD-F5B539FFED99}.Release|x64.Build.0 = Release|x64
		{F603C66A-76CF-4BE9-BFDD-F5B539FFED99}.Release|x86.ActiveCfg = Release|Win32
		{F603C66A-76CF-4BE9-BFDD-F5B539FFED99}.Release|x86.Build.0 = Release|Win32
		{FB981208-E57E-4BF9-873D-66075ADF271B}.Debug|x64.ActiveCfg = Debug|x64
		{FB981208-E57E-4BF9-873D-66075ADF271B}.Debug|x64.Build.0 = Debug|x64
		{FB981208-E57E-4BF9-873D-66075ADF271B}.Debug|x86.ActiveCfg = Debug|Win32
		{FB981208-E57E-4BF9-873D-66075ADF271B}.Debug|x86.Build.0 = Debug|Win32
		{FB981208-E57E-4BF9-873D-66075ADF271B}.Release|x64.ActiveCfg = Release|x64
		{FB981208-E57E-4BF9-873D-66075ADF271B}.Release|x64.Build.0 = Release|x64
		{FB981208-E57E-4BF9-873D-66075ADF271B}.Release|x86.ActiveCfg = Release|Win32
		{FB981208-E57E-4BF9-873D-66075ADF271B}.Release|x86.Build.0 = Release|Win32
		{4B605191-9A8C-45B4-9485-AA141A9BD974}.Debug|x64.ActiveCfg = Debug|x64
		{4B605191-9A8C-45B4-9485-AA141A9BD974}.Debug|x64.Build.0 = Debug|x64
		{4B605191-9A8C-45B4-9485-AA141A9BD974}.Debug|x86.ActiveCfg = Debug|Win32
		{4B605191-9A8C-45B4-9485-AA141A9BD974}.Debug|x86.Build.0 = Debug|Win32
		{4B605191-9A8C-45B4-9485-AA141A9BD974}.Release|x64.ActiveCfg = Release|x64
		{4B605191-9A8C-45B4-9485-AA141A9BD974}.Release|x64.Build.0 = Release|x64
		{4B605191-9A8C-45B4-9485-AA141A9BD974}.Release|x86.ActiveCfg = Release|Win32
		{4B605191-9A8C-45B4-9485-AA141A9BD974}.Release|x86.Build.0 = Release|Win32
		{AA16F751-8D0D-4D54-A00D-B35E0F25B213}.Debug|x64.ActiveCfg = Debug|x64
		{AA16F751-8D0D-4D54-A00D-B35E0F25B213}.Debug|x64.Build.0 = Debug|x64
		{AA16F751-8D0D-4D54-A00D-B35E0F25B213}.Debug|x86.ActiveCfg = Debug|Win32
		{AA16F751-8D0D-4D54-A00D-B35E0F25B213}.Debug|x86.Build.0 = Debug|Win32
		{AA16F751-8D0D-4D54-A00D-B35E0F25B213}.Release|x64.ActiveCfg = Release|x64
		{AA16F751-8D0D-4D54-A00D-B35E0F25B213}.Release|x64.Build.0 = Release|x64
		{AA16F751-8D0D-4D54-A00D-B35E0F25B213}.Release|x86.ActiveCfg = Release|Win32
		{AA16F751-8D0D-4D54-A00D-B35E0F25B213}.Release|x86.Build.0 = Release|Win32
		{A2AB08ED-FA25-4820-B7AE-FFF5E5F1D1FD}.Debug|x64.ActiveCfg = Debug|x64
		{A2AB08ED-FA25-4820-B7AE-FFF5E5F1D1FD}.Debug|x64.Build.0 = Debug|x64
		{A2AB08ED-FA25-4820-B7AE-FFF5E5F1D1FD}.Debug|x86.ActiveCfg = Debug|Win32
		{A2AB08ED-FA25-4820-B7AE-FFF5E5F1D1FD}.Debug|x86.Build.0 = Debug|Win32
		{A2AB08ED-FA25-4820-B7AE-FFF5E5F1D1FD}.Release|x64.ActiveCfg = Release|x64
		{A2AB08ED-FA25-4820-B7AE-FFF5E5F1D1FD}.Release|x64.Build.0 = Release|x64
		{A2AB08ED-FA25-4820-B7AE-FFF5E5F1D1FD}.Release|x86.ActiveCfg = Release|Win32
		{A2AB08ED-FA25-4820-B7AE-FFF5E5F1D1FD}.Release|x86.Build.0 = Release|Win32
		{077C2BC1-A262-4258-B8DC-C554372054C0}.Debug|x64.ActiveCfg = Debug|x64
		{077C2BC1-A262-4258-B8DC-C554372054C0}.Debug|x64.Build.0 = Debug|x64
		{077C2BC1-A262-4258-B8DC-C554372054C0}.Debug|x86.ActiveCfg = Debug|Win32
		{077C2BC1-A262-4258-B8DC-C554372054C0}.Debug|x86.Build.0 = Debug|Win32
		{077C2BC1-A262-4258-B8DC-C554372054C0}.Release|x64.ActiveCfg = Release|x64
		{077C2BC1-A262-4258-B8DC-C554372054C0}.Release|x64.Build.0 = Release|x64
		{077C2BC1-A262-4258-B8DC-C554372054C0}.Release|x86.ActiveCfg = Release|Win32
		{077C2BC1-A262-4258-B8DC-C554372054C0}.Release|x86.Build.0 = Release|Win32
		{0F9451EF-7CCD-45D9-A038-0704EDCB62FD}.Debug|x64.ActiveCfg = Debug|x64
		{0F9451EF-7CCD-45D9-A038-0704EDCB62FD}.Debug|x64.Build.0 = Debug|x64
		{0F9451EF-7CCD-45D9-A038-0704EDCB62FD}.Debug|x86.ActiveCfg = Debug|Win32
		{0F9451EF-7CCD-45D9-A038-0704EDCB62FD}.Debug|x86.Build.0 = Debug|Win32
		{0F9451EF-7CCD-45D9-A038-0704EDCB62FD}.Release|x64.ActiveCfg = Release|x64
		{0F9451EF-7CCD-45D9-A038-0704EDCB62FD}.Release|x64.Build.0 = Release|x64
		{0F9451EF-7CCD-45D9-A038-0704EDCB62FD}.Release|x86.ActiveCfg = Release|Win32
		{0F9451EF-7CCD-45D9-A038-0704EDCB62FD}.Release|x86.Build.0 = Release|Win32
		{499764BA-6E86-419F-84EF-F66C22243F99}.Debug|x64.ActiveCfg = Debug|x64
		{499764BA-6E86-419F-84EF-F66C22243F99}.Debug|x64.Build.0 = Debug|x64
		{499764BA-6E86-419F-84EF-F66C22243F99}.Debug|x86.ActiveCfg = Debug|Win32
		{499764BA-6E86-419F-84EF-F66C22243F99}.Debug|x86.Build.0 = Debug|Win32
		{499764BA-6E86-419F-84EF-F66C22243F99}.Release|x64.ActiveCfg = Release|x64
		{499764BA-6E86-419F-84EF-F66C22243F99}.Release|x64.Build.0 = Release|x64
		{499764BA-6E86-419F-84EF-F66C22243F99}.Release|x86.ActiveCfg = Release|Win32
		{499764BA-6E86-419F-84EF-F66C22243F99}.Release|x86.Build.0 = Release|Win32
		{A1C89BED-159C-4698-8487-83C25A0AADE5}.Debug|x64.ActiveCfg = Debug|x64
		{A1C89BED-159C-4698-8487-83C25A0AADE5}.Debug|x64.Build.0 = Debug|x64
		{A1C89BED-159C-4698-8487-83C25A0AADE5}.Debug|x86.ActiveCfg = Debug|Win32
		{A1C89BED-159C-4698-8487-83C25A0AADE5}.Debug|x86.Build.0 = Debug|Win32
		{A1C89BED-159C-4698-8487-83C25A0AADE5}.Release|x64.ActiveCfg = Release|x64
		{A1C89BED-159C-4698-8487-83C25A0AADE5}.Release|x64.Build.0 = Release|x64
		{A1C89BED-159C-4698-8487-83C25A0AADE5}.Release|x86.ActiveCfg = Release|Win32
		{A1C89BED-159C-4698-8487-83C25A0AADE5}.Release|x86.Build.0 = Release|Win32
		{A9BD8977-1785-4E3A-9C98-DC9D62E977B8}.Debug|x64.ActiveCfg = Debug|x64
		{A9BD8977-1785-4E3A-9C98-DC9D62E977B8}.Debug|x64.Build.0 = Debug|x64
		{A9BD8977-1785-4E3A-9C98-DC9D62E977B8}.Debug|x86.ActiveCfg = Debug|Win32
		{A9BD8977-1785-4E3A-9C98-DC9D62E977B8}.Debug|x86.Build.0 = Debug|Win32
		{A9BD8977-1785-4E3A-9C98-DC9D62E977B8}.Release|x64.ActiveCfg = Release|x64
		{A9BD8977-1785-4E3A-9C98-DC9D62E977B8}.Release|x64.Build.0 = Release|x64
		{A9BD8977-1785-4E3A-9C98-DC9D62E977B8}.Release|x86.ActiveCfg = Release|Win32
		{A9BD8977-1785-4E3A-9C98-DC9D62E977B8}.Release|x86.Build.0 = Release|Win32
		{70520361-00AA-4963-9265-AA1B0D6AD411}.Debug|x64.ActiveCfg = Debug|x64
		{70520361-00AA-4963-9265-AA1B0D6AD411}.Debug|x64.Build.0 = Debug|x64
		{70520361-00AA-4963-9265-AA1B0D6AD411}.Debug|x86.ActiveCfg = Debug|Win32
		{70520361-00AA-4963-9265-AA1B0D6AD411}.Debug|x86.Build.0 = Debug|Win32
		{70520361-00AA-4963-9265-AA1B0D6AD411}.Release|x64.ActiveCfg = Release|x64
		{70520361-00AA-4963-9265-AA1B0D6AD411}.Release|x64.Build.0 = Release|x64
		{70520361-00AA-4963-9265-AA1B0D6AD411}.Release|x86.ActiveCfg = Release|Win32
		{70520361-00AA-4963-9265-AA1B0D6AD411}.Release|x86.Build.0 = Release|Win32
		{E0B43E12-77A9-47B6-BE2C-1B36EF259814}.Debug|x64.ActiveCfg = Debug|x64
		{E0B43E12-77A9-47B6-BE2C-1B36EF259814}.Debug|x64.Build.0 = Debug|x64
		{E0B43E12-77A9-47B6-BE2C-1B36EF259814}.Debug|x86.ActiveCfg = Debug|Win32
		{E0B43E12-77A9-47B6-BE2C-1B36EF259814}.Debug|x86.Build.0 = Debug|Win32
		{E0B43E12-77A9-47B6-BE2C-1B36EF259814}.Release|x64.ActiveCfg = Release|x64
		{E0B43E12-77A9-47B6-BE2C-1B36EF259814}.Release|x64.Build.0 = Release|x64
		{E0B43E12-77A9-47B6-BE2C-1B36EF259814}.Release|x86.ActiveCfg = Release|Win32
		{E0B43E12-77A9-47B6-BE2C-1B36EF259814}.Release|x86.Build.0 = Release|Win32
		{DA39B02C-06C5-4FC2-BD90-C9B0E0B141DB}.Debug|x64.ActiveCfg = Debug|x64
		{DA39B02C-06C5-4FC2-BD90-C9B0E0B141DB}.Debug|x64.Build.0 = Debug|x64
		{DA39B02C-06C5-4FC2-BD90-C9B0E0B141DB}.Debug|x86.ActiveCfg = Debug|Win32
		{DA39B02C-06C5-4FC2-BD90-C9B0E0B141DB}.Debug|x86.Build.0 = Debug|Win32
		{DA39B02C-06C5-4FC2-BD90-C9B0E0B141DB}.Release|x64.ActiveCfg = Release|x64
		{DA39B02C-06C5-4FC2-BD90-C9B0E0B141DB}.Release|x64.Build.0 = Release|x64
		{DA39B02C-06C5-4FC2-BD90-C9B0E0B141DB}.Release|x86.ActiveCfg = Release|Win32
		{DA39B02C-06C5-4FC2-BD90-C9B0E0B141DB}.Release|x86.Build.0 = Release|Win32
		{2ABAD93D-0EF5-4D79-9C0F-7C5374E66B9F}.Debug|x64.ActiveCfg = Debug|x64
		{2ABAD93D-0EF5-4D79-9C0F-7C5374E66B9F}.Debug|x64.Build.0 = Debug|x64
		{2ABAD93D-0EF5-4D79-9C0F-7C5374E66B9F}.Debug|x86.ActiveCfg = Debug|Win32
		{2ABAD93D-0EF5-4D79-9C0F-7C5374E66B9F}.Debug|x86.Build.0 = Debug|Win32
		{2ABAD93D-0EF5-4D79-9C0F-7C5374E66B9F}.Release|x64.ActiveCfg = Release|x64
		{2ABAD93D-0EF5-4D79-9C0F-7C5374E66B9F}.Release|x64.Build.0 = Release|x64
		{2ABAD93D-0EF5-4D79-9C0F-7C5374E66B9F}.Release|x86.ActiveCfg = Release|Win32
		{2ABAD93D-0EF5-4D79-9C0F-7C5374E66B9F}.Release|x86.Build.0 = Release|Win32
		{DAE44114-31B9-4008-923D-454531234E30}.Debug|x64.ActiveCfg = Debug|x64
		{DAE44114-31B9-4008-923D-454531234E30}.Debug|x64.Build.0 = Debug|x64
		{DAE44114-31B9-4008-923D-454531234E30}.Debug|x86.ActiveCfg = Debug|Win32
		{DAE44114-31B9-4008-923D-454531234E30}.Debug|x86.Build.0 = Debug|Win32
		{DAE44114-31B9-4008-923D-454531234E30}.Release|x64.ActiveCfg = Release|x64
		{DAE44114-31B9-4008-923D-454531234E30}.Release|x64.Build.0 = Release|x64
		{DAE44114-31B9-4008-923D-454531234E30}.Release|x86.ActiveCfg = Release|Win32
		{DAE44114-31B9-4008-923D-454531234E30}.Release|x86.Build.0 = Release|Win32
		{756C255C-393B-425A-AE05-2836E756205A}.Debug|x64.ActiveCfg = Debug|x64
		{756C255C-393B-425A-AE05-2836E756205A}.Debug|x64.Build.0 = Debug|x64
		{756C255C-393B-425A-AE05-2836E756205A}.Debug|x86.ActiveCfg = Debug|Win32
		{756C255C-393B-425A-AE05-2836E756205A}.Debug|x86.Build.0 = Debug|Win32
		{756C255C-393B-425A-AE05-2836E756205A}.Release|x64.ActiveCfg = Release|x64
		{756C255C-393B-425A-AE05-2836E756205A}.Release|x64.Build.0 = Release|x64
		{756C255C-393B-425A-AE05-2836E756205A}.Release|x86.ActiveCfg = Release|Win32
		{756C255C-393B-425A-AE05-2836E756205A}.Release|x86.Build.0 = Release|Win32
		{0FD03FA9-164B-4C72-BD9C-2810AA7881C8}.Debug|x64.ActiveCfg = Debug|x64
		{0FD03FA9-164B-4C72-BD9C-2810AA7881C8}.Debug|x64.Build.0 = Debug|x64
		{0FD03FA9-164B-4C72-BD9C-2810AA7881C8}.Debug|x86.ActiveCfg = Debug|Win32
		{0FD03FA9-164B-4C72-BD9C-2810AA7881C8}.Debug|x86.Build.0 = Debug|Win32
		{0FD03FA9-164B-4C72-BD9C-2810AA7881C8}.Release|x64.ActiveCfg = Release|x64
		{0FD03FA9-164B-4C72-BD9C-2810AA7881C8}.Release|x64.Build.0 = Release|x64
		{0FD03FA9-164B-4C72-BD9C-2810AA7881C8}.Release|x86.ActiveCfg = Release|Win32
		{0FD03FA9-164B-4C72-BD9C-2810AA7881C8}.Release|x86.Build.0 = Release|Win32
		{D519959A-AC1E-4B3A-8E34-644FC4FA3B58}.Debug|x64.ActiveCfg = Debug|x64
		{D519959A-AC1E-4B3A-8E34-644FC4FA3B58}.Debug|x64.Build.0 = Debug|x64
		{D519959A-AC1E-4B3A-8E34-644FC4FA3B58}.Debug|x86.ActiveCfg = Debug|Win32
		{D519959A-AC1E-4B3A-8E34-644FC4FA3B58}.Debug|x86.Build.0 = Debug|Win32
		{D519959A-AC1E-4B3A-8E34-644FC4FA3B58}.Release|x64.ActiveCfg = Release|x64
		{D519959A-AC1E-4B3A-8E34-644FC4FA3B58}.Release|x64.Build.0 = Release|x64
		{D519959A-AC1E-4B3A-8E34-644FC4FA3B58}.Release|x86.ActiveCfg = Release|Win32
		{D519959A-AC1E-4B3A-8E34-644FC4FA3B58}.Release|x86.Build.0 = Release|Win32
		{CCEFD733-CDA3-4554-B54E-3C5A7FB2B844}.Debug|x64.ActiveCfg = Debug|x64
		{CCEFD733-CDA3-4554-B54E-3C5A7FB2B844}.Debug|x64.Build.0 = Debug|x64
		{CCEFD733-CDA3-4554-B54E-3C5A7FB2B844}.Debug|x86.ActiveCfg = Debug|Win32
		{CCEFD733-CDA3-4554-B54E-3C5A7FB2B844}.Debug|x86.Build.0 = Debug|Win32
		{CCEFD733-CDA3-4554-B54E-3C5A7FB2B844}.Release|x64.ActiveCfg = Release|x64
		{CCEFD733-CDA3-4554-B54E-3C5A7FB2B844}.Release|x64.Build.0 = Release|x64
		{CCEFD733-CDA3-4554-B54E-3C5A7FB2B844}.Release|x86.ActiveCfg = Release|Win32
		{CCEFD733-CDA3-4554-B54E-3C5A7FB2B844}.Release|x86.Build.0 = Release|Win32
		{E7F30037-69AA-4841-B5B9-BE298D5D2DD8}.Debug|x64.ActiveCfg = Debug|x64
		{E7F30037-69AA-4841-B5B9-BE298D5D2DD8}.Debug|x64.Build.0 = Debug|x64
		{E7F30037-69AA-4841-B5B9-BE298D5D2DD8}.Debug|x86.ActiveCfg = Debug|Win32
		{E7F30037-69AA-4841-B5B9-BE298D5D2DD8}.Debug|x86.Build.0 = Debug|Win32
		{E7F30037-69AA-4841-B5B9-BE298D5D2DD8}.Release|x64.ActiveCfg = Release|x64
		{E7F30037-69AA-4841-B5B9-BE298D5D2DD8}.Release|x64.Build.0 = Release|x64
		{E7F30037-69AA-4841-B5B9-BE298D5D2DD8}.Release|x86.ActiveCfg = Release|Win32
		{E7F30037-69AA-4841-B5B9-BE298D5D2DD8}.Release|x86.Build.0 = Release|Win32
		{1CBCB17C-545D-485A-83AB-CDE4D080E186}.Debug|x64.ActiveCfg = Debug|x64
		{1CBCB17C-545D-485A-83AB-CDE4D080E186}.Debug|x64.Build.0 = Debug|x64
		{1CBCB17C-545D-485A-83AB-CDE4D080E186}.Debug|x86.ActiveCfg = Debug|Win32
		{1CBCB17C-545D-485A-83AB-CDE4D080E186}.Debug|x86.Build.0 = Debug|Win32
		{1CBCB17C-545D-485A-83AB-CDE4D080E186}.Release|x64.ActiveCfg = Release|x64
		{1CBCB17C-545D-485A-83AB-CDE4D080E186}.Release|x64.Build.0 = Release|x64
		{1CBCB17C-545D-485A-83AB-CDE4D080E186}.Release|x86.ActiveCfg = Release|Win32
		{1CBCB17C-545D-485A-83AB-CDE4D080E186}.Release|x86.Build.0 = Release|Win32
		{541C4718-BE69-411B-89EF-2225F526CD6C}.Debug|x64.ActiveCfg = Debug|x64
		{541C4718-BE69-411B-89EF-2225F526CD6C}.Debug|x64.Build.0 = Debug|x64
		{541C4718-BE69-411B-89EF-2225F526CD6C}.Debug|x86.ActiveCfg = Debug|Win32
		{541C4718-BE69-411B-89EF-2225F526CD6C}.Debug|x86.Build.0 = Debug|Win32
		{541C4718-BE69-411B-89EF-2225F526CD6C}.Release|x64.ActiveCfg = Release|x64
		{541C4718-BE69-411B-89EF-2225F526CD6C}.Release|x64.Build.0 = Release|x64
		{541C4718-BE69-411B-89EF-2225F526CD6C}.Release|x86.ActiveCfg = Release|Win32
		{541C4718-BE69-411B-89EF-2225F526CD6C}.Release|x86.Build.0 = Release|Win32
		{A9E66F40-99F5-40D9-8286-CBF375006BF6}.Debug|x64.ActiveCfg = Debug|x64
		{A9E66F40-99F5-40D9-8286-CBF375006BF6}.Debug|x64.Build.0 = Debug|x64
		{A9E66F40-99F5-40D9-8286-CBF375006BF6}.Debug|x86.ActiveCfg = Debug|Win32
		{A9E66F40-99F5-40D9-8286-CBF375006BF6}.Debug|x86.Build.0 = Debug|Win32
		{A9E66F40-99F5-40D9-8286-CBF375006BF6}.Release|x64.ActiveCfg = Release|x64
		{A9E66F40-99F5-40D9-8286-CBF375006BF6}.Release|x64.Build.0 = Release|x64
		{A9E66F40-99F5-40D9-8286-CBF375006BF6}.Release|x86.ActiveCfg = Release|Win32
		{A9E66F40-99F5-40D9-8286-CBF375006BF6}.Release|x86.Build.0 = Release|Win32
		{EAC3D75A-AD95-4457-BF6C-B8D866692DF4}.Debug|x64.ActiveCfg = Debug|x64
		{EAC3D75A-AD95-4457-BF6C-B8D866692DF4}.Debug|x64.Build.0 = Debug|x64
		{EAC3D75A-AD95-4457-BF6C-B8D866692DF4}.Debug|x86.ActiveCfg = Debug|Win32
		{EAC3D75A-AD95-4457-BF6C-B8D866692DF4}.Debug|x86.Build.0 = Debug|Win32
		{EAC3D75A-AD95-4457-BF6C-B8D866692DF4}.Release|x64.ActiveCfg = Release|x64
		{EAC3D75A-AD95-4457-BF6C-B8D866692DF4}.Release|x64.Build.0 = Release|x64
		{EAC3D75A-AD95-4457-BF6C-B8D866692DF4}.Release|x86.ActiveCfg = Release|Win32
		{EAC3D75A-AD95-4457-BF6C-B8D866692DF4}.Release|x86.Build.0 = Release|Win32
		{25DC5052-8755-41D0-8E4B-59010765DADD}.Debug|x64.ActiveCfg = Debug|x64
		{25DC5052-8755-41D0-8E4B-59010765DADD}.Debug|x64.Build.0 = Debug|x64
		{25DC5052-8755-41D0-8E4B-59010765DADD}.Debug|x86.ActiveCfg = Debug|Win32
		{25DC5052-8755-41D0-8E4B-59010765DADD}.Debug|x86.Build.0 = Debug|Win32
		{25DC5052-8755-41D0-8E4B-59010765DADD}.Release|x64.ActiveCfg = Release|x64
		{25DC5052-8755-41D0-8E4B-59010765DADD}.Release|x64.Build.0 = Release|x64
		{25DC5052-8755-41D0-8E4B-59010765DADD}.Release|x86.ActiveCfg = Release|Win32
		{25DC5052-8755-41D0-8E4B-59010765DADD}.Release|x86.Build.0 = Release|Win32
		{4C76DE65-F062-4A10-8E96-DA37D0614E10}.Debug|x64.ActiveCfg = Debug|x64
		{4C76DE65-F062-4A10-8E96-DA37D0614E10}.Debug|x64.Build.0 = Debug|x64
		{4C76DE65-F062-4A10-8E96-DA37D0614E10}.Debug|x86.ActiveCfg = Debug|Win32
		{4C76DE65-F062-4A10-8E96-DA37D0614E10}.Debug|x86.Build.0 = Debug|Win32
		{4C76DE65-F062-4A10-8E96-DA37D0614E10}.Release|x64.ActiveCfg = Release|x64
		{4C76DE65-F062-4A10-8E96-DA37D0614E10}.Release|x64.Build.0 = Release|x64
		{4C76DE65-F062-4A10-8E96-DA37D0614E10}.Release|x86.ActiveCfg = Release|Win32
		{4C76DE65-F062-4A10-8E96-DA37D0614E10}.Release|x86.Build.0 = Release|Win32
		{6278017A-0A5D-4EF9-B23A-291D79B2A902}.Debug|x64.ActiveCfg = Debug|x64
		{6278017A-0A5D-4EF9-B23A-291D79B2A902}.Debug|x64.Build.0 = Debug|x64
		{6278017A-0A5D-4EF9-B23A-291D79B2A902}.Debug|x86.ActiveCfg = Debug|Win32
		{6278017A-0A5D-4EF9-B23A-291D79B2A902}.Debug|x86.Build.0 = Debug|Win32
		{6278017A-0A5D-4EF9-B23A-291D79B2A902}.Release|x64.ActiveCfg = Release|x64
		{6278017A-0A5D-4EF9-B23A-291D79B2A902}.Release|x64.Build.0 = Release|x64
		{6278017A-0A5D-4EF9-B23A-291D79B2A902}.Release|x86.ActiveCfg = Release|Win32
		{6278017A-0A5D-4EF9-B23A-291D79B2A902}.Release|x86.Build.0 = Release|Win32
		{EB920E51-8DDF-4DB9-9C23-A70E1ED2A022}.Debug|x64.ActiveCfg = Debug|x64
		{EB920E51-8DDF-4DB9-9C23-A70E1ED2A022}.Debug|x64.Build.0 = Debug|x64
		{EB920E51-8DDF-4DB9-9C23-A70E1ED2A022}.Debug|x86.ActiveCfg = Debug|Win32
		{EB920E51-8DDF-4DB9-9C23-A70E1ED2A022}.Debug|x86.Build.0 = Debug|Win32
		{EB920E51-8DDF-4DB9-9C23-A70E1ED2A022}.Release|x64.ActiveCfg = Release|x64
		{EB920E51-8DDF-4DB9-9C23-A70E1ED2A022}.Release|x64.Build.0 = Release|x64
		{EB920E51-8DDF-4DB9-9C23-A70E1ED2A022}.Release|x86.ActiveCfg = Release|Win32
		{EB920E51-8DDF-4DB9-9C23-A70E1ED2A022}.Release|x86.Build.0 = Release|Win32
		{312D91EC-1F2F-4F3D-860B-C2F3BF6B8F8A}.Debug|x64.ActiveCfg = Debug|x64
		{312D91EC-1F2F-4F3D-860B-C2F3BF6B8F8A}.Debug|x64.Build.0 = Debug|x64
		{312D91EC-1F2F-4F3D-860B-C2F3BF6B8F8A}.Debug|x86.ActiveCfg = Debug|Win32
		{312D91EC-1F2F-4F3D-860B-C2F3BF6B8F8A}.Debug|x86.Build.0 = Debug|Win32
		{312D91EC-1F2F-4F3D-860B-C2F3BF6B8F8A}.Release|x64.ActiveCfg = Release|x64
		{312D91EC-1F2F-4F3D-860B-C2F3BF6B8F8A}.Release|x64.Build.0 = Release|x64
		{312D91EC-1F2F-4F3D-860B-C2F3BF6B8F8A}.Release|x86.ActiveCfg = Release|Win32
		{312D91EC-1F2F-4F3D-860B-C2F3BF6B8F8A}.Release|x86.Build.0 = Release|Win32
		{87CAEF8D-F606-44AA-8DA2-61D0D106BDC5}.Debug|x64.ActiveCfg = Debug|x64
		{87CAEF8D-F606-44AA-8DA2-61D0D106BDC5}.Debug|x64.Build.0 = Debug|x64
		{87CAEF8D-F606-44AA-8DA2-61D0D106BDC5}.Debug|x86.ActiveCfg = Debug|Win32
		{87CAEF8D-F606-44AA-8DA2-61D0D106BDC5}.Debug|x86.Build.0 = Debug|Win32
		{87CAEF8D-F606-44AA-8DA2-61D0D106BDC5}.Release|x64.ActiveCfg = Release|x64
		{87CAEF8D-F606-44AA-8DA2-61D0D106BDC5}.Release|x64.Build.0 = Release|x64
		{87CAEF8D-F606-44AA-8DA2-61D0D106BDC5}.Release|x86.ActiveCfg = Release|Win32
		{87CAEF8D-F606-44AA-8DA2-61D0D106BDC5}.Release|x86.Build.0 = Release|Win32
		{4545FF93-FB5A-440E-8C7D-F15D96C0E80B}.Debug|x64.ActiveCfg = Debug|x64
		{4545FF93-FB5A-440E-8C7D-F15D96C0E80B}.Debug|x64.Build.0 = Debug|x64
		{4545FF93-FB5A-440E-8C7D-F15D96C0E80B}.Debug|x86.ActiveCfg = Debug|Win32
		{4545FF93-FB5A-440E-8C7D-F15D96C0E80B}.Debug|x86.Build.0 = Debug|Win32
		{4545FF93-FB5A-440E-8C7D-F15D96C0E80B}.Release|x64.ActiveCfg = Release|x64
		{4545FF93-FB5A-440E-8C7D-F15D96C0E80B}.Release|x64.Build.0 = Release|x64
		{4545FF93-FB5A-440E-8C7D-F15D96C0E80B}.Release|x86.ActiveCfg = Release|Win32
		{4545FF93-FB5A-440E-8C7D-F15D96C0E80B}.Release|x86.Build.0 = Release|Win32
		{AB87F5B8-61AB-4783-9C96-78305CAF6EC1}.Debug|x64.ActiveCfg = Debug|x64
		{AB87F5B8-61AB-4783-9C96-78305CAF6EC1}.Debug|x64.Build.0 = Debug|x64
		{AB87F5B8-61AB-4783-9C96-78305CAF6EC1}.Debug|x86.ActiveCfg = Debug|Win32
		{AB87F5B8-61AB-4783-9C96-78305CAF6EC1}.Debug|x86.Build.0 = Debug|Win32
		{AB87F5B8-61AB-4783-9C96-78305CAF6EC1}.Release|x64.ActiveCfg = Release|x64
		{AB87F5B8-61AB-4783-9C96-78305CAF6EC1}.Release|x64.Build.0 = Release|x64
		{AB87F5B8-61AB-4783-9C96-78305CAF6EC1}.Release|x86.ActiveCfg = Release|Win32
		{AB87F5B8-61AB-4783-9C96-78305CAF6EC1}.Release|x86.Build.0 = Release|Win32
		{D7477780-6135-4595-A75A-1C95A7F335A1}.Debug|x64.ActiveCfg = Debug|x64
		{D7477780-6135-4595-A75A-1C95A7F335A1}.Debug|x64.Build.0 = Debug|x64
		{D7477780-6135-4595-A75A-1C95A7F335A1}.Debug|x86.ActiveCfg = Debug|Win32
		{D7477780-6135-4595-A75A-1C95A7F335A1}.Debug|x86.Build.0 = Debug|Win32
		{D7477780-6135-4595-A75A-1C95A7F335A1}.Release|x64.ActiveCfg = Release|x64
		{D7477780-6135-4595-A75A-1C95A7F335A1}.Release|x64.Build.0 = Release|x64
		{D7477780-6135-4595-A75A-1C95A7F335A1}.Release|x86.ActiveCfg = Release|Win32
		{D7477780-6135-4595-A75A-1C95A7F335A1}.Release|x86.Build.0 = Release|Win32
		{75B3569B-5EF5-4418-9D51-29670D6E4169}.Debug|x64.ActiveCfg = Debug|x64
		{75B3569B-5EF5-4418-9D51-29670D6E4169}.Debug|x64.Build.0 = Debug|x64
		{75B3569B-5EF5-4418-9D51-29670D6E4169}.Debug|x86.ActiveCfg = Debug|Win32
		{75B3569B-5EF5-4418-9D51-29670D6E4169}.Debug|x86.Build.0 = Debug|Win32
		{75B3569B-5EF5-4418-9D51-29670D6E4169}.Release|x64.ActiveCfg = Release|x64
		{75B3569B-5EF5-4418-9D51-29670D6E4169}.Release|x64.Build.0 = Release|x64
		{75B3569B-5EF5-4418-9D51-29670D6E4169}.Release|x86.ActiveCfg = Release|Win32
		{75B3569B-5EF5-4418-9D51-29670D6E4169}.Release|x86.Build.0 = Release|Win32
		{696471B3-6262-4214-8FDC-C6C59B7556E9}.Debug|x64.ActiveCfg = Debug|x64
		{696471B3-6262-4214-8FDC-C6C59B7556E9}.Debug|x64.Build.0 = Debug|x64
		{696471B3-6262-4214-8FDC-C6C59B7556E9}.Debug|x86.ActiveCfg = Debug|Win32
		{696471B3-6262-4214-8FDC-C6C59B7556E9}.Debug|x86.Build.0 = Debug|Win32
		{696471B3-6262-4214-8FDC-C6C59B7556E9}.Release|x64.ActiveCfg = Release|x64
		{696471B3-6262-4214-8FDC-C6C59B7556E9}.Release|x64.Build.0 = Release|x64
		{696471B3-6262-4214-8FDC-C6C59B7556E9}.Release|x86.ActiveCfg = Release|Win32
		{696471B3-6262-4214-8FDC-C6C59B7556E9}.Release|x86.Build.0 = Release|Win32
		{2B7E44B3-F353-462A-9D61-75BEA1068345}.Debug|x64.ActiveCfg = Debug|x64
		{2B7E44B3-F353-462A-9D61-75BEA1068345}.Debug|x64.Build.0 = Debug|x64
		{2B7E44B3-F353-462A-9D61-75BEA1068345}.Debug|x86.ActiveCfg = Debug|Win32
		{2B7E44B3-F353-462A-9D61-75BEA1068345}.Debug|x86.Build.0 = Debug|Win32
		{2B7E44B3-F353-462A-9D61-75BEA1068345}.Release|x64.ActiveCfg = Release|x64
		{2B7E44B3-F353-462A-9D61-75BEA1068345}.Release|x64.Build.0 = Release|x64
		{2B7E44B3-F353-462A-9D61-75BEA1068345}.Release|x86.ActiveCfg = Release|Win32
		{2B7E44B3-F353-462A-9D61-75BEA1068345}.Release|x86.Build.0 = Release|Win32
		{19F066B1-BEA9-45E9-9C23-26503560EADE}.Debug|x64.ActiveCfg = Debug|x64
		{19F066B1-BEA9-45E9-9C23-26503560EADE}.Debug|x64.Build.0 = Debug|x64
		{19F066B1-BEA9-45E9-9C23-26503560EADE}.Debug|x86.ActiveCfg = Debug|Win32
		{19F066B1-BEA9-45E9-9C23-26503560EADE}.Debug|x86.Build.0 = Debug|Win32
		{19F066B1-BEA9-45E9-9C23-26503560EADE}.Release|x64.ActiveCfg = Release|x64
		{19F066B1-BEA9-45E9-9C23-26503560EADE}.Release|x64.Build.0 = Release|x64
		{19F066B1-BEA9-45E9-9C23-26503560EADE}.Release|x86.ActiveCfg = Release|Win32
		{19F066B1-BEA9-45E9-9C23-26503560EADE}.Release|x86.Build.0 = Release|Win32
		{4EC7D402-4573-4F09-91F1-07184FDDF75E}.Debug|x64.ActiveCfg = Debug|x64
		{4EC7D402-4573-4F09-91F1-07184FDDF75E}.Debug|x64.Build.0 = Debug|x64
		{4EC7D402-4573-4F09-91F1-07184FDDF75E}.Debug|x86.ActiveCfg = Debug|Win32
		{4EC7D402-4573-4F09-91F1-07184FDDF75E}.Debug|x86.Build.0 = Debug|Win32
		{4EC7D402-4573-4F09-91F1-07184FDDF75E}.Release|x64.ActiveCfg = Release|x64
		{4EC7D402-4573-4F09-91F1-07184FDDF75E}.Release|x64.Build.0 = Release|x64
		{4EC7D402-4573-4F09-91F1-07184FDDF75E}.Release|x86.ActiveCfg = Release|Win32
		{4EC7D402-4573-4F09-91F1-07184FDDF75E}.Release|x86.Build.0 = Release|Win32
		{D35D843D-DDF7-4CD6-9D9D-35380B437538}.Debug|x64.ActiveCfg = Debug|x64
		{D35D843D-DDF7-4CD6-9D9D-35380B437538}.Debug|x64.Build.0 = Debug|x64
		{D35D843D-DDF7-4CD6-9D9D-35380B437538}.Debug|x86.ActiveCfg = Debug|Win32
		{D35D843D-DDF7-4CD6-9D9D-35380B437538}.Debug|x86.Build.0 = Debug|Win32
		{D35D843D-DDF7-4CD6-9D9D-35380B437538}.Release|x64.ActiveCfg = Release|x64
		{D35D843D-DDF7-4CD6-9D9D-35380B437538}.Release|x64.Build.0 = Release|x64
		{D35D843D-DDF7-4CD6-9D9D-35380B437538}.Release|x86.ActiveCfg = Release|Win32
		{D35D843D-DDF7-4CD6-9D9D-35380B437538}.Release|x86.Build.0 = Release|Win32
		{F3BA3E7D-DC3B-4D58-87EE-090D3F543FD8}.Debug|x64.ActiveCfg = Debug|x64
		{F3BA3E7D-DC3B-4D58-87EE-090D3F543FD8}.Debug|x64.Build.0 = Debug|x64
		{F3BA3E7D-DC3B-4D58-87EE-090D3F543FD8}.Debug|x86.ActiveCfg = Debug|Win32
		{F3BA3E7D-DC3B-4D58-87EE-090D3F543FD8}.Debug|x86.Build.0 = Debug|Win32
		{F3BA3E7D-DC3B-4D58-87EE-090D3F543FD8}.Release|x64.ActiveCfg = Release|x64
		{F3BA3E7D-DC3B-4D58-87EE-090D3F543FD8}.Release|x64.Build.0 = Release|x64
		{F3BA3E7D-DC3B-4D58-87EE-090D3F543FD8}.Release|x86.ActiveCfg = Release|Win32
		{F3BA3E7D-DC3B-4D58-87EE-090D3F543FD8}.Release|x86.Build.0 = Release|Win32
		{D957B890-39D4-4C76-AE8A-3C2C5AAA2AFF}.Debug|x64.ActiveCfg = Debug|x64
		{D957B890-39D4-4C76-AE8A-3C2C5AAA2AFF}.Debug|x64.Build.0 = Debug|x64
		{D957B890-39D4-4C76-AE8A-3C2C5AAA2AFF}.Debug|x86.ActiveCfg = Debug|Win32
		{D957B890-39D4-4C76-AE8A-3C2C5AAA2AFF}.Debug|x86.Build.0 = Debug|Win32
		{D957B890-39D4-4C76-AE8A-3C2C5AAA2AFF}.Release|x64.ActiveCfg = Release|x64
		{D957B890-39D4-4C76-AE8A-3C2C5AAA2AFF}.Release|x64.Build.0 = Release|x64
		{D957B890-39D4-4C76-AE8A-3C2C5AAA2AFF}.Release|x86.ActiveCfg = Release|Win32
		{D957B890-39D4-4C76-AE8A-3C2C5AAA2AFF}.Release|x86.Build.0 = Release|Win32
		{8232A70F-6D78-4F6E-9108-FCC2680BE432}.Debug|x64.ActiveCfg = Debug|x64
		{8232A70F-6D78-4F6E-9108-FCC2680BE432}.Debug|x64.Build.0 = Debug|x64
		{8232A70F-6D78-4F6E-9108-FCC2680BE432}.Debug|x86.ActiveCfg = Debug|Win32
		{8232A70F-6D78-4F6E-9108-FCC2680BE432}.Debug|x86.Build.0 = Debug|Win32
		{8232A70F-6D78-4F6E-9108-FCC2680BE432}.Release|x64.ActiveCfg = Release|x64
		{8232A70F-6D78-4F6E-9108-FCC2680BE432}.Release|x64.Build.0 = Release|x64
		{8232A70F-6D78-4F6E-9108-FCC2680BE432}.Release|x86.ActiveCfg = Release|Win32
		{8232A70F-6D78-4F6E-9108-FCC2680BE432}.Release|x86.Build.0 = Release|Win32
		{972B319A-4042-4881-819E-CC04C77E730A}.Debug|x64.ActiveCfg = Debug|x64
		{972B319A-4042-4881-819E-CC04C77E730A}.Debug|x64.Build.0 = Debug|x64
		{972B319A-4042-4881-819E-CC04C77E730A}.Debug|x86.ActiveCfg = Debug|Win32
		{972B319A-4042-4881-819E-CC04C77E730A}.Debug|x86.Build.0 = Debug|Win32
		{972B319A-4042-4881-819E-CC04C77E730A}.Release|x64.ActiveCfg = Release|x64
		{972B319A-4042-4881-819E-CC04C77E730A}.Release|x64.Build.0 = Release|x64
		{972B319A-4042-4881-819E-CC04C77E730A}.Release|x86.ActiveCfg = Release|Win32
		{972B319A-4042-4881-819E-CC04C77E730A}.Release|x86.Build.0 = Release|Win32
		{296D4092-127F-45A6-9FF9-15D7186F031F}.Debug|x64.ActiveCfg = Debug|x64
		{296D4092-127F-45A6-9FF9-15D7186F031F}.Debug|x64.Build.0 = Debug|x64
		{296D4092-127F-45A6-9FF9-15D7186F031F}.Debug|x86.ActiveCfg = Debug|Win32
		{296D4092-127F-45A6-9FF9-15D7186F031F}.Debug|x86.Build.0 = Debug|Win32
		{296D4092-127F-45A6-9FF9-15D7186F031F}.Release|x64.ActiveCfg = Release|x64
		{296D4092-127F-45A6-9FF9-15D7186F031F}.Release|x64.Build.0 = Release|x64
		{296D4092-127F-45A6-9FF9-15D7186F031F}.Release|x86.ActiveCfg = Release|Win32
		{296D4092-127F-45A6-9FF9-15D7186F031F}.Release|x86.Build.0 = Release|Win32
		{92D3C606-A649-4FAA-B878-08FAC3008982}.Debug|x64.ActiveCfg = Debug|x64
		{92D3C606-A649-4FAA-B878-08FAC3008982}.Debug|x64.Build.0 = Debug|x64
		{92D3C606-A649-4FAA-B878-08FAC3008982}.Debug|x86.ActiveCfg = Debug|Win32
		{92D3C606-A649-4FAA-B878-08FAC3008982}.Debug|x86.Build.0 = Debug|Win32
		{92D3C606-A649-4FAA-B878-08FAC3008982}.Release|x64.ActiveCfg = Release|x64
		{92D3C606-A649-4FAA-B878-08FAC3008982}.Release|x64.Build.0 = Release|x64
		{92D3C606-A649-4FAA-B878-08FAC3008982}.Release|x86.ActiveCfg = Release|Win32
		{92D3C606-A649-4FAA-B878-08FAC3008982}.Release|x86.Build.0 = Release|Win32
		{09F5C63E-268C-4919-BBB9-2EA52D133F88}.Debug|x64.ActiveCfg = Debug|x64
		{09F5C63E-268C-4919-BBB9-2EA52D133F88}.Debug|x64.Build.0 = Debug|x64
		{09F5C63E-268C-4919-BBB9-2EA52D133F88}.Debug|x86.ActiveCfg = Debug|Win32
		{09F5C63E-268C-4919-BBB9-2EA52D133F88}.Debug|x86.Build.0 = Debug|Win32
		{09F5C63E-268C-4919-BBB9-2EA52D133F88}.Release|x64.ActiveCfg = Release|x64
		{09F5C63E-268C-4919-BBB9-2EA52D133F88}.Release|x64.Build.0 = Release|x64
		{09F5C63E-268C-4919-BBB9-2EA52D133F88}.Release|x86.ActiveCfg = Release|Win32
		{09F5C63E-268C-4919-BBB9-2EA52D133F88}.Release|x86.Build.0 = Release|Win32
		{91F425E6-608C-4614-A821-B3A090641E1B}.Debug|x64.ActiveCfg = Debug|x64
		{91F425E6-608C-4614-A821-B3A090641E1B}.Debug|x64.Build.0 = Debug|x64
		{91F425E6-608C-4614-A821-B3A090641E1B}.Debug|x86.ActiveCfg = Debug|Win32
		{91F425E6-608C-4614-A821-B3A090641E1B}.Debug|x86.Build.0 = Debug|Win32
		{91F425E6-608C-4614-A821-B3A090641E1B}.Release|x64.ActiveCfg = Release|x64
		{91F425E6-608C-4614-A821-B3A090641E1B}.Release|x64.Build.0 = Release|x64
		{91F425E6-608C-4614-A821-B3A090641E1B}.Release|x86.ActiveCfg = Release|Win32
		{91F425E6-608C-4614-A821-B3A090641E1B}.Release|x86.Build.0 = Release|Win32
		{69CFC845-FFA1-46A9-BB7A-955EE11E6B5B}.Debug|x64.ActiveCfg = Debug|x64
		{69CFC845-FFA1-46A9-BB7A-955EE11E6B5B}.Debug|x64.Build.0 = Debug|x64
		{69CFC845-FFA1-46A9-BB7A-955EE11E6B5B}.Debug|x86.ActiveCfg = Debug|Win32
		{69CFC845-FFA1-46A9-BB7A-955EE11E6B5B}.Debug|x86.Build.0 = Debug|Win32
		{69CFC845-FFA1-46A9-BB7A-955EE11E6B5B}.Release|x64.ActiveCfg = Release|x64
		{69CFC845-FFA1-46A9-BB7A-955EE11E6B5B}.Release|x64.Build.0 = Release|x64
		{69CFC845-FFA1-46A9-BB7A-955EE11E6B5B}.Release|x86.ActiveCfg = Release|Win32
		{69CFC845-FFA1-46A9-BB7A-955EE11E6B5B}.Release|x86.Build.0 = Release|Win32
		{B6E23C1E-C65E-43C7-81A1-9050A86BB923}.Debug|x64.ActiveCfg = Debug|x64
		{B6E23C1E-C65E-43C7-81A1-9050A86BB923}.Debug|x64.Build.0 = Debug|x64
		{B6E23C1E-C65E-43C7-81A1-9050A86BB923}.Debug|x86.ActiveCfg = Debug|Win32
		{B6E23C1E-C65E-43C7-81A1-9050A86BB923}.Debug|x86.Build.0 = Debug|Win32
		{B6E23C1E-C65E-43C7-81A1-9050A86BB923}.Release|x64.ActiveCfg = Release|x64
		{B6E23C1E-C65E-43C7-81A1-9050A86BB923}.Release|x64.Build.0 = Release|x64
		{B6E23C1E-C65E-43C7-81A1-9050A86BB923}.Release|x86.ActiveCfg = Release|Win32
		{B6E23C1E-C65E-43C7-81A1-9050A86BB923}.Release|x86.Build.0 = Release|Win32
		{42D3F667-0D7E-49EC-87DF-270A28B89305}.Debug|x64.ActiveCfg = Debug|x64
		{42D3F667-0D7E-49EC-87DF-270A28B89305}.Debug|x64.Build.0 = Debug|x64
		{42D3F667-0D7E-49EC-87DF-270A28B89305}.Debug|x86.ActiveCfg = Debug|Win32
		{42D3F667-0D7E-49EC-87DF-270A28B89305}.Debug|x86.Build.0 = Debug|Win32
		{42D3F667-0D7E-49EC-87DF-270A28B89305}.Release|x64.ActiveCfg = Release|x64
		{42D3F667-0D7E-49EC-87DF-270A28B89305}.Release|x64.Build.0 = Release|x64
		{42D3F667-0D7E-49EC-87DF-270A28B89305}.Release|x86.ActiveCfg = Release|Win32
		{42D3F667-0D7E-49EC-87DF-270A28B89305}.Release|x86.Build.0 = Release|Win32
		{805A0263-9398-48D5-985F-4C2AA626000C}.Debug|x64.ActiveCfg = Debug|x64
		{805A0263-9398-48D5-985F-4C2AA626000C}.Debug|x64.Build.0 = Debug|x64
		{805A0263-9398-48D5-985F-4C2AA626000C}.Debug|x86.ActiveCfg = Debug|Win32
		{805A0263-9398-48D5-985F-4C2AA626000C}.Debug|x86.Build.0 = Debug|Win32
		{805A0263-9398-48D5-985F-4C2AA626000C}.Release|x64.ActiveCfg = Release|x64
		{805A0263-9398-48D5-985F-4C2AA626000C}.Release|x64.Build.0 = Release|x64
		{805A0263-9398-48D5-985F-4C2AA626000C}.Release|x86.ActiveCfg = Release|Win32
		{805A0263-9398-48D5-985F-4C2AA626000C}.Release|x86.Build.0 = Release|Win32
		{4AD90328-CC89-4351-B42E-A957EE2CF98D}.Debug|x64.ActiveCfg = Debug|x64
		{4AD90328-CC89-4351-B42E-A957EE2CF98D}.Debug|x64.Build.0 = Debug|x64
		{4AD90328-CC89-4351-B42E-A957EE2CF98D}.Debug|x86.ActiveCfg = Debug|Win32
		{4AD90328-CC89-4351-B42E-A957EE2CF98D}.Debug|x86.Build.0 = Debug|Win32
		{4AD90328-CC89-4351-B42E-A957EE2CF98D}.Release|x64.ActiveCfg = Release|x64
		{4AD90328-CC89-4351-B42E-A957EE2CF98D}.Release|x64.Build.0 = Release|x64
		{4AD90328-CC89-4351-B42E-A957EE2CF98D}.Release|x86.ActiveCfg = Release|Win32
		{4AD90328-CC89-4351-B42E-A957EE2CF98D}.Release|x86.Build.0 = Release|Win32
		{3D7E46E3-3075-40CF-9523-FD58126B5914}.Debug|x64.ActiveCfg = Debug|x64
		{3D7E46E3-3075-40CF-9523-FD58126B5914}.Debug|x64.Build.0 = Debug|x64
		{3D7E46E3-3075-40CF-9523-FD58126B5914}.Debug|x86.ActiveCfg = Debug|Win32
		{3D7E46E3-3075-40CF-9523-FD58126B5914}.Debug|x86.Build.0 = Debug|Win32
		{3D7E46E3-3075-40CF-9523-FD58126B5914}.Release|x64.ActiveCfg = Release|x64
		{3D7E46E3-3075-40CF-9523-FD58126B5914}.Release|x64.Build.0 = Release|x64
		{3D7E46E3-3075-40CF-9523-FD58126B5914}.Release|x86.ActiveCfg = Release|Win32
		{3D7E46E3-3075-40CF-9523-FD58126B5914}.Release|x86.Build.0 = Release|Win32
		{711B440B-0903-489C-B5B1-59DF33E184A4}.Debug|x64.ActiveCfg = Debug|x64
		{711B440B-0903-489C-B5B1-59DF33E184A4}.Debug|x64.Build.0 = Debug|x64
		{711B440B-0903-489C-B5B1-59DF33E184A4}.Debug|x86.ActiveCfg = Debug|Win32
		{711B440B-0903-489C-B5B1-59DF33E184A4}.Debug|x86.Build.0 = Debug|Win32
		{711B440B-0903-489C-B5B1-59DF33E184A4}.Release|x64.ActiveCfg = Release|x64
		{711B440B-0903-489C-B5B1-59DF33E184A4}.Release|x64.Build.0 = Release|x64
		{711B440B-0903-489C-B5B1-59DF33E184A4}.Release|x86.ActiveCfg = Release|Win32
		{711B440B-0903-489C-B5B1-59DF33E184A4}.Release|x86.Build.0 = Release|Win32
		{0A8AF972-B67D-44F1-B31A-434B4AE6C2C1}.Debug|x64.ActiveCfg = Debug|x64
		{0A8AF972-B67D-44F1-B31A-434B4AE6C2C1}.Debug|x64.Build.0 = Debug|x64
		{0A8AF972-B67D-44F1-B31A-434B4AE6C2C1}.Debug|x86.ActiveCfg = Debug|Win32
		{0A8AF972-B67D-44F1-B31A-434B4AE6C2C1}.Debug|x86.Build.0 = Debug|Win32
		{0A8AF972-B67D-44F1-B31A-434B4AE6C2C1}.Release|x64.ActiveCfg = Release|x64
		{0A8AF972-B67D-44F1-B31A-434B4AE6C2C1}.Release|x64.Build.0 = Release|x64
		{0A8AF972-B67D-44F1-B31A-434B4AE6C2C1}.Release|x86.ActiveCfg = Release|Win32
		{0A8AF972-B67D-44F1-B31A-434B4AE6C2C1}.Release|x86.Build.0 = Release|Win32
	EndGlobalSection
	GlobalSection(SolutionProperties) = preSolution
		HideSolutionNode = FALSE
	EndGlobalSection
	GlobalSection(ExtensibilityGlobals) = postSolution
		SolutionGuid = {8B11FFA0-49A8-4722-82F5-B5E583192DF7}
	EndGlobalSection
EndGlobal
