
Microsoft Visual Studio Solution File, Format Version 12.00
# Visual Studio 15
VisualStudioVersion = 15.0.27130.2020
MinimumVisualStudioVersion = 10.0.40219.1
Project("{8BC9CEB8-8B4A-11D0-8D11-00A0C91BC942}") = "library", "library\library.vcxproj", "{E2660ADA-2AD6-49BD-848D-802F7C9DA29A}"
EndProject
Project("{8BC9CEB8-8B4A-11D0-8D11-00A0C91BC942}") = "lianxi1.1", "lianxi1.1\lianxi1.1.vcxproj", "{DA045841-2FFE-40A9-A09D-6ABF71FFD63F}"
EndProject
Project("{8BC9CEB8-8B4A-11D0-8D11-00A0C91BC942}") = "lianxi1.2", "lianxi1.2\lianxi1.2.vcxproj", "{5CE1313F-928B-4144-AD88-D46498E3A0B5}"
EndProject
Project("{8BC9CEB8-8B4A-11D0-8D11-00A0C91BC942}") = "lianxi1.3", "lianxi1.3\lianxi1.3.vcxproj", "{7EE95281-B086-4EAE-8BAA-6A71CB7EFC48}"
EndProject
Project("{8BC9CEB8-8B4A-11D0-8D11-00A0C91BC942}") = "lianxi1.4", "lianxi1.4\lianxi1.4.vcxproj", "{9C49787C-5497-41C7-8A23-27C9E690AA09}"
EndProject
Project("{8BC9CEB8-8B4A-11D0-8D11-00A0C91BC942}") = "lianxi1.5", "lianxi1.5\lianxi1.5.vcxproj", "{EE2D55E6-97FA-4148-9E46-780F7474612E}"
EndProject
Project("{8BC9CEB8-8B4A-11D0-8D11-00A0C91BC942}") = "lianxi1.6", "lianxi1.6\lianxi1.6.vcxproj", "{A30FC418-38D4-4712-BC18-72C14AFF124F}"
EndProject
Project("{8BC9CEB8-8B4A-11D0-8D11-00A0C91BC942}") = "lianxi1.7", "lianxi1.7\lianxi1.7.vcxproj", "{3C90BBC5-43AE-46F7-9B98-C2E11F748C46}"
EndProject
Project("{8BC9CEB8-8B4A-11D0-8D11-00A0C91BC942}") = "lianxi1.8", "lianxi1.8\lianxi1.8.vcxproj", "{0F13AEC6-E316-4CAE-B852-E9C730B43D5C}"
EndProject
Project("{8BC9CEB8-8B4A-11D0-8D11-00A0C91BC942}") = "lianxi1.9", "lianxi1.9\lianxi1.9.vcxproj", "{E66F03E0-646B-4C47-A85C-E94EFE25A8E5}"
EndProject
Project("{8BC9CEB8-8B4A-11D0-8D11-00A0C91BC942}") = "lianxi1.10", "lianxi1.10\lianxi1.10.vcxproj", "{47B41985-9923-4A29-BF1F-CF28E5B057DC}"
EndProject
Project("{8BC9CEB8-8B4A-11D0-8D11-00A0C91BC942}") = "lianxi1.11", "lianxi1.11\lianxi1.11.vcxproj", "{95281DE9-D35D-4288-9FD9-45FFB72111DF}"
EndProject
Project("{8BC9CEB8-8B4A-11D0-8D11-00A0C91BC942}") = "lianxi1.12", "lianxi1.12\lianxi1.12.vcxproj", "{BD869D7E-6116-4B9E-8B84-EA91C0D06A59}"
EndProject
Project("{8BC9CEB8-8B4A-11D0-8D11-00A0C91BC942}") = "lianxi1.13", "lianxi1.13\lianxi1.13.vcxproj", "{0A32A812-8B04-437C-A4F6-83E8D51EF794}"
EndProject
Project("{8BC9CEB8-8B4A-11D0-8D11-00A0C91BC942}") = "lianxi1.14", "lianxi1.14\lianxi1.14.vcxproj", "{FE6C5307-455A-429D-8343-C698DDD899DE}"
EndProject
Project("{8BC9CEB8-8B4A-11D0-8D11-00A0C91BC942}") = "eg1.4.2", "eg1.4.2\eg1.4.2.vcxproj", "{1C483E61-4B11-4E66-BF56-0F10A54AA2BB}"
EndProject
Project("{8BC9CEB8-8B4A-11D0-8D11-00A0C91BC942}") = "eg1.4.1", "eg1.4.1\eg1.4.1.vcxproj", "{925A5EEC-4CCF-4604-AE28-CF8E145BDFC1}"
EndProject
Project("{8BC9CEB8-8B4A-11D0-8D11-00A0C91BC942}") = "eg1.3.1", "eg1.3.1\eg1.3.1.vcxproj", "{F603C66A-76CF-4BE9-BFDD-F5B539FFED99}"
EndProject
Project("{8BC9CEB8-8B4A-11D0-8D11-00A0C91BC942}") = "1.4.2", "1.4.2\1.4.2.vcxproj", "{FB981208-E57E-4BF9-873D-66075ADF271B}"
EndProject
Project("{8BC9CEB8-8B4A-11D0-8D11-00A0C91BC942}") = "lianxi1.15", "lianxi1.15\lianxi1.15.vcxproj", "{4B605191-9A8C-45B4-9485-AA141A9BD974}"
EndProject
Project("{8BC9CEB8-8B4A-11D0-8D11-00A0C91BC942}") = "1.4.3", "1.4.3\1.4.3.vcxproj", "{AA16F751-8D0D-4D54-A00D-B35E0F25B213}"
EndProject
Project("{8BC9CEB8-8B4A-11D0-8D11-00A0C91BC942}") = "lianxi1.16", "lianxi1.16\lianxi1.16.vcxproj", "{A2AB08ED-FA25-4820-B7AE-FFF5E5F1D1FD}"
EndProject
Global
	GlobalSection(SolutionConfigurationPlatforms) = preSolution
		Debug|x64 = Debug|x64
		Debug|x86 = Debug|x86
		Release|x64 = Release|x64
		Release|x86 = Release|x86
	EndGlobalSection
	GlobalSection(ProjectConfigurationPlatforms) = postSolution
		{E2660ADA-2AD6-49BD-848D-802F7C9DA29A}.Debug|x64.ActiveCfg = Debug|x64
		{E2660ADA-2AD6-49BD-848D-802F7C9DA29A}.Debug|x64.Build.0 = Debug|x64
		{E2660ADA-2AD6-49BD-848D-802F7C9DA29A}.Debug|x86.ActiveCfg = Debug|Win32
		{E2660ADA-2AD6-49BD-848D-802F7C9DA29A}.Debug|x86.Build.0 = Debug|Win32
		{E2660ADA-2AD6-49BD-848D-802F7C9DA29A}.Release|x64.ActiveCfg = Release|x64
		{E2660ADA-2AD6-49BD-848D-802F7C9DA29A}.Release|x64.Build.0 = Release|x64
		{E2660ADA-2AD6-49BD-848D-802F7C9DA29A}.Release|x86.ActiveCfg = Release|Win32
		{E2660ADA-2AD6-49BD-848D-802F7C9DA29A}.Release|x86.Build.0 = Release|Win32
		{DA045841-2FFE-40A9-A09D-6ABF71FFD63F}.Debug|x64.ActiveCfg = Debug|x64
		{DA045841-2FFE-40A9-A09D-6ABF71FFD63F}.Debug|x64.Build.0 = Debug|x64
		{DA045841-2FFE-40A9-A09D-6ABF71FFD63F}.Debug|x86.ActiveCfg = Debug|Win32
		{DA045841-2FFE-40A9-A09D-6ABF71FFD63F}.Debug|x86.Build.0 = Debug|Win32
		{DA045841-2FFE-40A9-A09D-6ABF71FFD63F}.Release|x64.ActiveCfg = Release|x64
		{DA045841-2FFE-40A9-A09D-6ABF71FFD63F}.Release|x64.Build.0 = Release|x64
		{DA045841-2FFE-40A9-A09D-6ABF71FFD63F}.Release|x86.ActiveCfg = Release|Win32
		{DA045841-2FFE-40A9-A09D-6ABF71FFD63F}.Release|x86.Build.0 = Release|Win32
		{5CE1313F-928B-4144-AD88-D46498E3A0B5}.Debug|x64.ActiveCfg = Debug|x64
		{5CE1313F-928B-4144-AD88-D46498E3A0B5}.Debug|x64.Build.0 = Debug|x64
		{5CE1313F-928B-4144-AD88-D46498E3A0B5}.Debug|x86.ActiveCfg = Debug|Win32
		{5CE1313F-928B-4144-AD88-D46498E3A0B5}.Debug|x86.Build.0 = Debug|Win32
		{5CE1313F-928B-4144-AD88-D46498E3A0B5}.Release|x64.ActiveCfg = Release|x64
		{5CE1313F-928B-4144-AD88-D46498E3A0B5}.Release|x64.Build.0 = Release|x64
		{5CE1313F-928B-4144-AD88-D46498E3A0B5}.Release|x86.ActiveCfg = Release|Win32
		{5CE1313F-928B-4144-AD88-D46498E3A0B5}.Release|x86.Build.0 = Release|Win32
		{7EE95281-B086-4EAE-8BAA-6A71CB7EFC48}.Debug|x64.ActiveCfg = Debug|x64
		{7EE95281-B086-4EAE-8BAA-6A71CB7EFC48}.Debug|x64.Build.0 = Debug|x64
		{7EE95281-B086-4EAE-8BAA-6A71CB7EFC48}.Debug|x86.ActiveCfg = Debug|Win32
		{7EE95281-B086-4EAE-8BAA-6A71CB7EFC48}.Debug|x86.Build.0 = Debug|Win32
		{7EE95281-B086-4EAE-8BAA-6A71CB7EFC48}.Release|x64.ActiveCfg = Release|x64
		{7EE95281-B086-4EAE-8BAA-6A71CB7EFC48}.Release|x64.Build.0 = Release|x64
		{7EE95281-B086-4EAE-8BAA-6A71CB7EFC48}.Release|x86.ActiveCfg = Release|Win32
		{7EE95281-B086-4EAE-8BAA-6A71CB7EFC48}.Release|x86.Build.0 = Release|Win32
		{9C49787C-5497-41C7-8A23-27C9E690AA09}.Debug|x64.ActiveCfg = Debug|x64
		{9C49787C-5497-41C7-8A23-27C9E690AA09}.Debug|x64.Build.0 = Debug|x64
		{9C49787C-5497-41C7-8A23-27C9E690AA09}.Debug|x86.ActiveCfg = Debug|Win32
		{9C49787C-5497-41C7-8A23-27C9E690AA09}.Debug|x86.Build.0 = Debug|Win32
		{9C49787C-5497-41C7-8A23-27C9E690AA09}.Release|x64.ActiveCfg = Release|x64
		{9C49787C-5497-41C7-8A23-27C9E690AA09}.Release|x64.Build.0 = Release|x64
		{9C49787C-5497-41C7-8A23-27C9E690AA09}.Release|x86.ActiveCfg = Release|Win32
		{9C49787C-5497-41C7-8A23-27C9E690AA09}.Release|x86.Build.0 = Release|Win32
		{EE2D55E6-97FA-4148-9E46-780F7474612E}.Debug|x64.ActiveCfg = Debug|x64
		{EE2D55E6-97FA-4148-9E46-780F7474612E}.Debug|x64.Build.0 = Debug|x64
		{EE2D55E6-97FA-4148-9E46-780F7474612E}.Debug|x86.ActiveCfg = Debug|Win32
		{EE2D55E6-97FA-4148-9E46-780F7474612E}.Debug|x86.Build.0 = Debug|Win32
		{EE2D55E6-97FA-4148-9E46-780F7474612E}.Release|x64.ActiveCfg = Release|x64
		{EE2D55E6-97FA-4148-9E46-780F7474612E}.Release|x64.Build.0 = Release|x64
		{EE2D55E6-97FA-4148-9E46-780F7474612E}.Release|x86.ActiveCfg = Release|Win32
		{EE2D55E6-97FA-4148-9E46-780F7474612E}.Release|x86.Build.0 = Release|Win32
		{A30FC418-38D4-4712-BC18-72C14AFF124F}.Debug|x64.ActiveCfg = Debug|x64
		{A30FC418-38D4-4712-BC18-72C14AFF124F}.Debug|x64.Build.0 = Debug|x64
		{A30FC418-38D4-4712-BC18-72C14AFF124F}.Debug|x86.ActiveCfg = Debug|Win32
		{A30FC418-38D4-4712-BC18-72C14AFF124F}.Debug|x86.Build.0 = Debug|Win32
		{A30FC418-38D4-4712-BC18-72C14AFF124F}.Release|x64.ActiveCfg = Release|x64
		{A30FC418-38D4-4712-BC18-72C14AFF124F}.Release|x64.Build.0 = Release|x64
		{A30FC418-38D4-4712-BC18-72C14AFF124F}.Release|x86.ActiveCfg = Release|Win32
		{A30FC418-38D4-4712-BC18-72C14AFF124F}.Release|x86.Build.0 = Release|Win32
		{3C90BBC5-43AE-46F7-9B98-C2E11F748C46}.Debug|x64.ActiveCfg = Debug|x64
		{3C90BBC5-43AE-46F7-9B98-C2E11F748C46}.Debug|x64.Build.0 = Debug|x64
		{3C90BBC5-43AE-46F7-9B98-C2E11F748C46}.Debug|x86.ActiveCfg = Debug|Win32
		{3C90BBC5-43AE-46F7-9B98-C2E11F748C46}.Debug|x86.Build.0 = Debug|Win32
		{3C90BBC5-43AE-46F7-9B98-C2E11F748C46}.Release|x64.ActiveCfg = Release|x64
		{3C90BBC5-43AE-46F7-9B98-C2E11F748C46}.Release|x64.Build.0 = Release|x64
		{3C90BBC5-43AE-46F7-9B98-C2E11F748C46}.Release|x86.ActiveCfg = Release|Win32
		{3C90BBC5-43AE-46F7-9B98-C2E11F748C46}.Release|x86.Build.0 = Release|Win32
		{0F13AEC6-E316-4CAE-B852-E9C730B43D5C}.Debug|x64.ActiveCfg = Debug|x64
		{0F13AEC6-E316-4CAE-B852-E9C730B43D5C}.Debug|x64.Build.0 = Debug|x64
		{0F13AEC6-E316-4CAE-B852-E9C730B43D5C}.Debug|x86.ActiveCfg = Debug|Win32
		{0F13AEC6-E316-4CAE-B852-E9C730B43D5C}.Debug|x86.Build.0 = Debug|Win32
		{0F13AEC6-E316-4CAE-B852-E9C730B43D5C}.Release|x64.ActiveCfg = Release|x64
		{0F13AEC6-E316-4CAE-B852-E9C730B43D5C}.Release|x64.Build.0 = Release|x64
		{0F13AEC6-E316-4CAE-B852-E9C730B43D5C}.Release|x86.ActiveCfg = Release|Win32
		{0F13AEC6-E316-4CAE-B852-E9C730B43D5C}.Release|x86.Build.0 = Release|Win32
		{E66F03E0-646B-4C47-A85C-E94EFE25A8E5}.Debug|x64.ActiveCfg = Debug|x64
		{E66F03E0-646B-4C47-A85C-E94EFE25A8E5}.Debug|x64.Build.0 = Debug|x64
		{E66F03E0-646B-4C47-A85C-E94EFE25A8E5}.Debug|x86.ActiveCfg = Debug|Win32
		{E66F03E0-646B-4C47-A85C-E94EFE25A8E5}.Debug|x86.Build.0 = Debug|Win32
		{E66F03E0-646B-4C47-A85C-E94EFE25A8E5}.Release|x64.ActiveCfg = Release|x64
		{E66F03E0-646B-4C47-A85C-E94EFE25A8E5}.Release|x64.Build.0 = Release|x64
		{E66F03E0-646B-4C47-A85C-E94EFE25A8E5}.Release|x86.ActiveCfg = Release|Win32
		{E66F03E0-646B-4C47-A85C-E94EFE25A8E5}.Release|x86.Build.0 = Release|Win32
		{47B41985-9923-4A29-BF1F-CF28E5B057DC}.Debug|x64.ActiveCfg = Debug|x64
		{47B41985-9923-4A29-BF1F-CF28E5B057DC}.Debug|x64.Build.0 = Debug|x64
		{47B41985-9923-4A29-BF1F-CF28E5B057DC}.Debug|x86.ActiveCfg = Debug|Win32
		{47B41985-9923-4A29-BF1F-CF28E5B057DC}.Debug|x86.Build.0 = Debug|Win32
		{47B41985-9923-4A29-BF1F-CF28E5B057DC}.Release|x64.ActiveCfg = Release|x64
		{47B41985-9923-4A29-BF1F-CF28E5B057DC}.Release|x64.Build.0 = Release|x64
		{47B41985-9923-4A29-BF1F-CF28E5B057DC}.Release|x86.ActiveCfg = Release|Win32
		{47B41985-9923-4A29-BF1F-CF28E5B057DC}.Release|x86.Build.0 = Release|Win32
		{95281DE9-D35D-4288-9FD9-45FFB72111DF}.Debug|x64.ActiveCfg = Debug|x64
		{95281DE9-D35D-4288-9FD9-45FFB72111DF}.Debug|x64.Build.0 = Debug|x64
		{95281DE9-D35D-4288-9FD9-45FFB72111DF}.Debug|x86.ActiveCfg = Debug|Win32
		{95281DE9-D35D-4288-9FD9-45FFB72111DF}.Debug|x86.Build.0 = Debug|Win32
		{95281DE9-D35D-4288-9FD9-45FFB72111DF}.Release|x64.ActiveCfg = Release|x64
		{95281DE9-D35D-4288-9FD9-45FFB72111DF}.Release|x64.Build.0 = Release|x64
		{95281DE9-D35D-4288-9FD9-45FFB72111DF}.Release|x86.ActiveCfg = Release|Win32
		{95281DE9-D35D-4288-9FD9-45FFB72111DF}.Release|x86.Build.0 = Release|Win32
		{BD869D7E-6116-4B9E-8B84-EA91C0D06A59}.Debug|x64.ActiveCfg = Debug|x64
		{BD869D7E-6116-4B9E-8B84-EA91C0D06A59}.Debug|x64.Build.0 = Debug|x64
		{BD869D7E-6116-4B9E-8B84-EA91C0D06A59}.Debug|x86.ActiveCfg = Debug|Win32
		{BD869D7E-6116-4B9E-8B84-EA91C0D06A59}.Debug|x86.Build.0 = Debug|Win32
		{BD869D7E-6116-4B9E-8B84-EA91C0D06A59}.Release|x64.ActiveCfg = Release|x64
		{BD869D7E-6116-4B9E-8B84-EA91C0D06A59}.Release|x64.Build.0 = Release|x64
		{BD869D7E-6116-4B9E-8B84-EA91C0D06A59}.Release|x86.ActiveCfg = Release|Win32
		{BD869D7E-6116-4B9E-8B84-EA91C0D06A59}.Release|x86.Build.0 = Release|Win32
		{0A32A812-8B04-437C-A4F6-83E8D51EF794}.Debug|x64.ActiveCfg = Debug|x64
		{0A32A812-8B04-437C-A4F6-83E8D51EF794}.Debug|x64.Build.0 = Debug|x64
		{0A32A812-8B04-437C-A4F6-83E8D51EF794}.Debug|x86.ActiveCfg = Debug|Win32
		{0A32A812-8B04-437C-A4F6-83E8D51EF794}.Debug|x86.Build.0 = Debug|Win32
		{0A32A812-8B04-437C-A4F6-83E8D51EF794}.Release|x64.ActiveCfg = Release|x64
		{0A32A812-8B04-437C-A4F6-83E8D51EF794}.Release|x64.Build.0 = Release|x64
		{0A32A812-8B04-437C-A4F6-83E8D51EF794}.Release|x86.ActiveCfg = Release|Win32
		{0A32A812-8B04-437C-A4F6-83E8D51EF794}.Release|x86.Build.0 = Release|Win32
		{FE6C5307-455A-429D-8343-C698DDD899DE}.Debug|x64.ActiveCfg = Debug|x64
		{FE6C5307-455A-429D-8343-C698DDD899DE}.Debug|x64.Build.0 = Debug|x64
		{FE6C5307-455A-429D-8343-C698DDD899DE}.Debug|x86.ActiveCfg = Debug|Win32
		{FE6C5307-455A-429D-8343-C698DDD899DE}.Debug|x86.Build.0 = Debug|Win32
		{FE6C5307-455A-429D-8343-C698DDD899DE}.Release|x64.ActiveCfg = Release|x64
		{FE6C5307-455A-429D-8343-C698DDD899DE}.Release|x64.Build.0 = Release|x64
		{FE6C5307-455A-429D-8343-C698DDD899DE}.Release|x86.ActiveCfg = Release|Win32
		{FE6C5307-455A-429D-8343-C698DDD899DE}.Release|x86.Build.0 = Release|Win32
		{1C483E61-4B11-4E66-BF56-0F10A54AA2BB}.Debug|x64.ActiveCfg = Debug|x64
		{1C483E61-4B11-4E66-BF56-0F10A54AA2BB}.Debug|x64.Build.0 = Debug|x64
		{1C483E61-4B11-4E66-BF56-0F10A54AA2BB}.Debug|x86.ActiveCfg = Debug|Win32
		{1C483E61-4B11-4E66-BF56-0F10A54AA2BB}.Debug|x86.Build.0 = Debug|Win32
		{1C483E61-4B11-4E66-BF56-0F10A54AA2BB}.Release|x64.ActiveCfg = Release|x64
		{1C483E61-4B11-4E66-BF56-0F10A54AA2BB}.Release|x64.Build.0 = Release|x64
		{1C483E61-4B11-4E66-BF56-0F10A54AA2BB}.Release|x86.ActiveCfg = Release|Win32
		{1C483E61-4B11-4E66-BF56-0F10A54AA2BB}.Release|x86.Build.0 = Release|Win32
		{925A5EEC-4CCF-4604-AE28-CF8E145BDFC1}.Debug|x64.ActiveCfg = Debug|x64
		{925A5EEC-4CCF-4604-AE28-CF8E145BDFC1}.Debug|x64.Build.0 = Debug|x64
		{925A5EEC-4CCF-4604-AE28-CF8E145BDFC1}.Debug|x86.ActiveCfg = Debug|Win32
		{925A5EEC-4CCF-4604-AE28-CF8E145BDFC1}.Debug|x86.Build.0 = Debug|Win32
		{925A5EEC-4CCF-4604-AE28-CF8E145BDFC1}.Release|x64.ActiveCfg = Release|x64
		{925A5EEC-4CCF-4604-AE28-CF8E145BDFC1}.Release|x64.Build.0 = Release|x64
		{925A5EEC-4CCF-4604-AE28-CF8E145BDFC1}.Release|x86.ActiveCfg = Release|Win32
		{925A5EEC-4CCF-4604-AE28-CF8E145BDFC1}.Release|x86.Build.0 = Release|Win32
		{F603C66A-76CF-4BE9-BFDD-F5B539FFED99}.Debug|x64.ActiveCfg = Debug|x64
		{F603C66A-76CF-4BE9-BFDD-F5B539FFED99}.Debug|x64.Build.0 = Debug|x64
		{F603C66A-76CF-4BE9-BFDD-F5B539FFED99}.Debug|x86.ActiveCfg = Debug|Win32
		{F603C66A-76CF-4BE9-BFDD-F5B539FFED99}.Debug|x86.Build.0 = Debug|Win32
		{F603C66A-76CF-4BE9-BFDD-F5B539FFED99}.Release|x64.ActiveCfg = Release|x64
		{F603C66A-76CF-4BE9-BFDD-F5B539FFED99}.Release|x64.Build.0 = Release|x64
		{F603C66A-76CF-4BE9-BFDD-F5B539FFED99}.Release|x86.ActiveCfg = Release|Win32
		{F603C66A-76CF-4BE9-BFDD-F5B539FFED99}.Release|x86.Build.0 = Release|Win32
		{FB981208-E57E-4BF9-873D-66075ADF271B}.Debug|x64.ActiveCfg = Debug|x64
		{FB981208-E57E-4BF9-873D-66075ADF271B}.Debug|x64.Build.0 = Debug|x64
		{FB981208-E57E-4BF9-873D-66075ADF271B}.Debug|x86.ActiveCfg = Debug|Win32
		{FB981208-E57E-4BF9-873D-66075ADF271B}.Debug|x86.Build.0 = Debug|Win32
		{FB981208-E57E-4BF9-873D-66075ADF271B}.Release|x64.ActiveCfg = Release|x64
		{FB981208-E57E-4BF9-873D-66075ADF271B}.Release|x64.Build.0 = Release|x64
		{FB981208-E57E-4BF9-873D-66075ADF271B}.Release|x86.ActiveCfg = Release|Win32
		{FB981208-E57E-4BF9-873D-66075ADF271B}.Release|x86.Build.0 = Release|Win32
		{4B605191-9A8C-45B4-9485-AA141A9BD974}.Debug|x64.ActiveCfg = Debug|x64
		{4B605191-9A8C-45B4-9485-AA141A9BD974}.Debug|x64.Build.0 = Debug|x64
		{4B605191-9A8C-45B4-9485-AA141A9BD974}.Debug|x86.ActiveCfg = Debug|Win32
		{4B605191-9A8C-45B4-9485-AA141A9BD974}.Debug|x86.Build.0 = Debug|Win32
		{4B605191-9A8C-45B4-9485-AA141A9BD974}.Release|x64.ActiveCfg = Release|x64
		{4B605191-9A8C-45B4-9485-AA141A9BD974}.Release|x64.Build.0 = Release|x64
		{4B605191-9A8C-45B4-9485-AA141A9BD974}.Release|x86.ActiveCfg = Release|Win32
		{4B605191-9A8C-45B4-9485-AA141A9BD974}.Release|x86.Build.0 = Release|Win32
		{AA16F751-8D0D-4D54-A00D-B35E0F25B213}.Debug|x64.ActiveCfg = Debug|x64
		{AA16F751-8D0D-4D54-A00D-B35E0F25B213}.Debug|x64.Build.0 = Debug|x64
		{AA16F751-8D0D-4D54-A00D-B35E0F25B213}.Debug|x86.ActiveCfg = Debug|Win32
		{AA16F751-8D0D-4D54-A00D-B35E0F25B213}.Debug|x86.Build.0 = Debug|Win32
		{AA16F751-8D0D-4D54-A00D-B35E0F25B213}.Release|x64.ActiveCfg = Release|x64
		{AA16F751-8D0D-4D54-A00D-B35E0F25B213}.Release|x64.Build.0 = Release|x64
		{AA16F751-8D0D-4D54-A00D-B35E0F25B213}.Release|x86.ActiveCfg = Release|Win32
		{AA16F751-8D0D-4D54-A00D-B35E0F25B213}.Release|x86.Build.0 = Release|Win32
		{A2AB08ED-FA25-4820-B7AE-FFF5E5F1D1FD}.Debug|x64.ActiveCfg = Debug|x64
		{A2AB08ED-FA25-4820-B7AE-FFF5E5F1D1FD}.Debug|x64.Build.0 = Debug|x64
		{A2AB08ED-FA25-4820-B7AE-FFF5E5F1D1FD}.Debug|x86.ActiveCfg = Debug|Win32
		{A2AB08ED-FA25-4820-B7AE-FFF5E5F1D1FD}.Debug|x86.Build.0 = Debug|Win32
		{A2AB08ED-FA25-4820-B7AE-FFF5E5F1D1FD}.Release|x64.ActiveCfg = Release|x64
		{A2AB08ED-FA25-4820-B7AE-FFF5E5F1D1FD}.Release|x64.Build.0 = Release|x64
		{A2AB08ED-FA25-4820-B7AE-FFF5E5F1D1FD}.Release|x86.ActiveCfg = Release|Win32
		{A2AB08ED-FA25-4820-B7AE-FFF5E5F1D1FD}.Release|x86.Build.0 = Release|Win32
	EndGlobalSection
	GlobalSection(SolutionProperties) = preSolution
		HideSolutionNode = FALSE
	EndGlobalSection
	GlobalSection(ExtensibilityGlobals) = postSolution
		SolutionGuid = {8B11FFA0-49A8-4722-82F5-B5E583192DF7}
	EndGlobalSection
EndGlobal
